// !$*UTF8*$!
{
	archiveVersion = 1;
	classes = {
	};
	objectVersion = 46;
	objects = {

/* Begin PBXBuildFile section */
		316861491EADEE4100CCEC38 /* AppDelegate.m in Sources */ = {isa = PBXBuildFile; fileRef = 316861461EADEE4100CCEC38 /* AppDelegate.m */; };
		3168614A1EADEE4100CCEC38 /* ViewController.m in Sources */ = {isa = PBXBuildFile; fileRef = 316861481EADEE4100CCEC38 /* ViewController.m */; };
		31DE2AC61EAD929A009441F1 /* main.m in Sources */ = {isa = PBXBuildFile; fileRef = 31DE2AC51EAD929A009441F1 /* main.m */; };
		31DE2ACF1EAD929A009441F1 /* Main.storyboard in Resources */ = {isa = PBXBuildFile; fileRef = 31DE2ACD1EAD929A009441F1 /* Main.storyboard */; };
		31DE2AD11EAD929A009441F1 /* Assets.xcassets in Resources */ = {isa = PBXBuildFile; fileRef = 31DE2AD01EAD929A009441F1 /* Assets.xcassets */; };
		31DE2AD41EAD929A009441F1 /* LaunchScreen.storyboard in Resources */ = {isa = PBXBuildFile; fileRef = 31DE2AD21EAD929A009441F1 /* LaunchScreen.storyboard */; };
/* End PBXBuildFile section */

/* Begin PBXFileReference section */
		316861451EADEE4100CCEC38 /* AppDelegate.h */ = {isa = PBXFileReference; fileEncoding = 4; lastKnownFileType = sourcecode.c.h; path = AppDelegate.h; sourceTree = "<group>"; };
		316861461EADEE4100CCEC38 /* AppDelegate.m */ = {isa = PBXFileReference; fileEncoding = 4; lastKnownFileType = sourcecode.c.objc; path = AppDelegate.m; sourceTree = "<group>"; };
		316861471EADEE4100CCEC38 /* ViewController.h */ = {isa = PBXFileReference; fileEncoding = 4; lastKnownFileType = sourcecode.c.h; path = ViewController.h; sourceTree = "<group>"; };
		316861481EADEE4100CCEC38 /* ViewController.m */ = {isa = PBXFileReference; fileEncoding = 4; lastKnownFileType = sourcecode.c.objc; path = ViewController.m; sourceTree = "<group>"; };
		31DE2AC11EAD929A009441F1 /* zhibo.app */ = {isa = PBXFileReference; explicitFileType = wrapper.application; includeInIndex = 0; path = zhibo.app; sourceTree = BUILT_PRODUCTS_DIR; };
		31DE2AC51EAD929A009441F1 /* main.m */ = {isa = PBXFileReference; lastKnownFileType = sourcecode.c.objc; path = main.m; sourceTree = "<group>"; };
		31DE2ACE1EAD929A009441F1 /* Base */ = {isa = PBXFileReference; lastKnownFileType = file.storyboard; name = Base; path = Base.lproj/Main.storyboard; sourceTree = "<group>"; };
		31DE2AD01EAD929A009441F1 /* Assets.xcassets */ = {isa = PBXFileReference; lastKnownFileType = folder.assetcatalog; path = Assets.xcassets; sourceTree = "<group>"; };
		31DE2AD31EAD929A009441F1 /* Base */ = {isa = PBXFileReference; lastKnownFileType = file.storyboard; name = Base; path = Base.lproj/LaunchScreen.storyboard; sourceTree = "<group>"; };
		31DE2AD51EAD929A009441F1 /* Info.plist */ = {isa = PBXFileReference; lastKnownFileType = text.plist.xml; path = Info.plist; sourceTree = "<group>"; };
/* End PBXFileReference section */

/* Begin PBXFrameworksBuildPhase section */
		31DE2ABE1EAD929A009441F1 /* Frameworks */ = {
			isa = PBXFrameworksBuildPhase;
			buildActionMask = 2147483647;
			files = (
			);
			runOnlyForDeploymentPostprocessing = 0;
		};
/* End PBXFrameworksBuildPhase section */

/* Begin PBXGroup section */
		316861441EADEE4100CCEC38 /* Class */ = {
			isa = PBXGroup;
			children = (
				316861451EADEE4100CCEC38 /* AppDelegate.h */,
				316861461EADEE4100CCEC38 /* AppDelegate.m */,
				316861471EADEE4100CCEC38 /* ViewController.h */,
				316861481EADEE4100CCEC38 /* ViewController.m */,
			);
			path = Class;
			sourceTree = "<group>";
		};
		31DE2AB81EAD929A009441F1 = {
			isa = PBXGroup;
			children = (
				31DE2AC31EAD929A009441F1 /* zhibo */,
				31DE2AC21EAD929A009441F1 /* Products */,
			);
			sourceTree = "<group>";
		};
		31DE2AC21EAD929A009441F1 /* Products */ = {
			isa = PBXGroup;
			children = (
				31DE2AC11EAD929A009441F1 /* zhibo.app */,
			);
			name = Products;
			sourceTree = "<group>";
		};
		31DE2AC31EAD929A009441F1 /* zhibo */ = {
			isa = PBXGroup;
			children = (
				316861441EADEE4100CCEC38 /* Class */,
				31DE2ACD1EAD929A009441F1 /* Main.storyboard */,
				31DE2AD01EAD929A009441F1 /* Assets.xcassets */,
				31DE2AD21EAD929A009441F1 /* LaunchScreen.storyboard */,
				31DE2AD51EAD929A009441F1 /* Info.plist */,
				31DE2AC41EAD929A009441F1 /* Supporting Files */,
			);
			path = zhibo;
			sourceTree = "<group>";
		};
		31DE2AC41EAD929A009441F1 /* Supporting Files */ = {
			isa = PBXGroup;
			children = (
				31DE2AC51EAD929A009441F1 /* main.m */,
			);
			name = "Supporting Files";
			sourceTree = "<group>";
		};
/* End PBXGroup section */

/* Begin PBXNativeTarget section */
		31DE2AC01EAD929A009441F1 /* zhibo */ = {
			isa = PBXNativeTarget;
			buildConfigurationList = 31DE2AD81EAD929A009441F1 /* Build configuration list for PBXNativeTarget "zhibo" */;
			buildPhases = (
				31DE2ABD1EAD929A009441F1 /* Sources */,
				31DE2ABE1EAD929A009441F1 /* Frameworks */,
				31DE2ABF1EAD929A009441F1 /* Resources */,
			);
			buildRules = (
			);
			dependencies = (
			);
			name = zhibo;
			productName = zhibo;
			productReference = 31DE2AC11EAD929A009441F1 /* zhibo.app */;
			productType = "com.apple.product-type.application";
		};
/* End PBXNativeTarget section */

/* Begin PBXProject section */
		31DE2AB91EAD929A009441F1 /* Project object */ = {
			isa = PBXProject;
			attributes = {
				LastUpgradeCheck = 0820;
				ORGANIZATIONNAME = "孙涛";
				TargetAttributes = {
					31DE2AC01EAD929A009441F1 = {
						CreatedOnToolsVersion = 8.2.1;
						DevelopmentTeam = 3V39Q7F96X;
						ProvisioningStyle = Automatic;
					};
				};
			};
			buildConfigurationList = 31DE2ABC1EAD929A009441F1 /* Build configuration list for PBXProject "zhibo" */;
			compatibilityVersion = "Xcode 3.2";
			developmentRegion = English;
			hasScannedForEncodings = 0;
			knownRegions = (
				en,
				Base,
			);
			mainGroup = 31DE2AB81EAD929A009441F1;
			productRefGroup = 31DE2AC21EAD929A009441F1 /* Products */;
			projectDirPath = "";
			projectRoot = "";
			targets = (
				31DE2AC01EAD929A009441F1 /* zhibo */,
			);
		};
/* End PBXProject section */

/* Begin PBXResourcesBuildPhase section */
		31DE2ABF1EAD929A009441F1 /* Resources */ = {
			isa = PBXResourcesBuildPhase;
			buildActionMask = 2147483647;
			files = (
				31DE2AD41EAD929A009441F1 /* LaunchScreen.storyboard in Resources */,
				31DE2AD11EAD929A009441F1 /* Assets.xcassets in Resources */,
				31DE2ACF1EAD929A009441F1 /* Main.storyboard in Resources */,
			);
			runOnlyForDeploymentPostprocessing = 0;
		};
/* End PBXResourcesBuildPhase section */

/* Begin PBXSourcesBuildPhase section */
		31DE2ABD1EAD929A009441F1 /* Sources */ = {
			isa = PBXSourcesBuildPhase;
			buildActionMask = 2147483647;
			files = (
				3168614A1EADEE4100CCEC38 /* ViewController.m in Sources */,
				316861491EADEE4100CCEC38 /* AppDelegate.m in Sources */,
				31DE2AC61EAD929A009441F1 /* main.m in Sources */,
			);
			runOnlyForDeploymentPostprocessing = 0;
		};
/* End PBXSourcesBuildPhase section */

/* Begin PBXVariantGroup section */
		31DE2ACD1EAD929A009441F1 /* Main.storyboard */ = {
			isa = PBXVariantGroup;
			children = (
				31DE2ACE1EAD929A009441F1 /* Base */,
			);
			name = Main.storyboard;
			sourceTree = "<group>";
		};
		31DE2AD21EAD929A009441F1 /* LaunchScreen.storyboard */ = {
			isa = PBXVariantGroup;
			children = (
				31DE2AD31EAD929A009441F1 /* Base */,
			);
			name = LaunchScreen.storyboard;
			sourceTree = "<group>";
		};
/* End PBXVariantGroup section */

/* Begin XCBuildConfiguration section */
		31DE2AD61EAD929A009441F1 /* Debug */ = {
			isa = XCBuildConfiguration;
			buildSettings = {
				ALWAYS_SEARCH_USER_PATHS = NO;
				CLANG_ANALYZER_NONNULL = YES;
				CLANG_CXX_LANGUAGE_STANDARD = "gnu++0x";
				CLANG_CXX_LIBRARY = "libc++";
				CLANG_ENABLE_MODULES = YES;
				CLANG_ENABLE_OBJC_ARC = YES;
				CLANG_WARN_BOOL_CONVERSION = YES;
				CLANG_WARN_CONSTANT_CONVERSION = YES;
				CLANG_WARN_DIRECT_OBJC_ISA_USAGE = YES_ERROR;
				CLANG_WARN_DOCUMENTATION_COMMENTS = YES;
				CLANG_WARN_EMPTY_BODY = YES;
				CLANG_WARN_ENUM_CONVERSION = YES;
				CLANG_WARN_INFINITE_RECURSION = YES;
				CLANG_WARN_INT_CONVERSION = YES;
				CLANG_WARN_OBJC_ROOT_CLASS = YES_ERROR;
				CLANG_WARN_SUSPICIOUS_MOVE = YES;
				CLANG_WARN_UNREACHABLE_CODE = YES;
				CLANG_WARN__DUPLICATE_METHOD_MATCH = YES;
				"CODE_SIGN_IDENTITY[sdk=iphoneos*]" = "iPhone Developer";
				COPY_PHASE_STRIP = NO;
				DEBUG_INFORMATION_FORMAT = dwarf;
				ENABLE_STRICT_OBJC_MSGSEND = YES;
				ENABLE_TESTABILITY = YES;
				GCC_C_LANGUAGE_STANDARD = gnu99;
				GCC_DYNAMIC_NO_PIC = NO;
				GCC_NO_COMMON_BLOCKS = YES;
				GCC_OPTIMIZATION_LEVEL = 0;
				GCC_PREPROCESSOR_DEFINITIONS = (
					"DEBUG=1",
					"$(inherited)",
				);
				GCC_WARN_64_TO_32_BIT_CONVERSION = YES;
				GCC_WARN_ABOUT_RETURN_TYPE = YES_ERROR;
				GCC_WARN_UNDECLARED_SELECTOR = YES;
				GCC_WARN_UNINITIALIZED_AUTOS = YES_AGGRESSIVE;
				GCC_WARN_UNUSED_FUNCTION = YES;
				GCC_WARN_UNUSED_VARIABLE = YES;
				IPHONEOS_DEPLOYMENT_TARGET = 10.2;
				MTL_ENABLE_DEBUG_INFO = YES;
				ONLY_ACTIVE_ARCH = YES;
				SDKROOT = iphoneos;
				TARGETED_DEVICE_FAMILY = "1,2";
			};
			name = Debug;
		};
		31DE2AD71EAD929A009441F1 /* Release */ = {
			isa = XCBuildConfiguration;
			buildSettings = {
				ALWAYS_SEARCH_USER_PATHS = NO;
				CLANG_ANALYZER_NONNULL = YES;
				CLANG_CXX_LANGUAGE_STANDARD = "gnu++0x";
				CLANG_CXX_LIBRARY = "libc++";
				CLANG_ENABLE_MODULES = YES;
				CLANG_ENABLE_OBJC_ARC = YES;
				CLANG_WARN_BOOL_CONVERSION = YES;
				CLANG_WARN_CONSTANT_CONVERSION = YES;
				CLANG_WARN_DIRECT_OBJC_ISA_USAGE = YES_ERROR;
				CLANG_WARN_DOCUMENTATION_COMMENTS = YES;
				CLANG_WARN_EMPTY_BODY = YES;
				CLANG_WARN_ENUM_CONVERSION = YES;
				CLANG_WARN_INFINITE_RECURSION = YES;
				CLANG_WARN_INT_CONVERSION = YES;
				CLANG_WARN_OBJC_ROOT_CLASS = YES_ERROR;
				CLANG_WARN_SUSPICIOUS_MOVE = YES;
				CLANG_WARN_UNREACHABLE_CODE = YES;
				CLANG_WARN__DUPLICATE_METHOD_MATCH = YES;
				"CODE_SIGN_IDENTITY[sdk=iphoneos*]" = "iPhone Developer";
				COPY_PHASE_STRIP = NO;
				DEBUG_INFORMATION_FORMAT = "dwarf-with-dsym";
				ENABLE_NS_ASSERTIONS = NO;
				ENABLE_STRICT_OBJC_MSGSEND = YES;
				GCC_C_LANGUAGE_STANDARD = gnu99;
				GCC_NO_COMMON_BLOCKS = YES;
				GCC_WARN_64_TO_32_BIT_CONVERSION = YES;
				GCC_WARN_ABOUT_RETURN_TYPE = YES_ERROR;
				GCC_WARN_UNDECLARED_SELECTOR = YES;
				GCC_WARN_UNINITIALIZED_AUTOS = YES_AGGRESSIVE;
				GCC_WARN_UNUSED_FUNCTION = YES;
				GCC_WARN_UNUSED_VARIABLE = YES;
				IPHONEOS_DEPLOYMENT_TARGET = 10.2;
				MTL_ENABLE_DEBUG_INFO = NO;
				SDKROOT = iphoneos;
				TARGETED_DEVICE_FAMILY = "1,2";
				VALIDATE_PRODUCT = YES;
			};
			name = Release;
		};
		31DE2AD91EAD929A009441F1 /* Debug */ = {
			isa = XCBuildConfiguration;
			buildSettings = {
				ASSETCATALOG_COMPILER_APPICON_NAME = AppIcon;
				DEVELOPMENT_TEAM = 3V39Q7F96X;
				INFOPLIST_FILE = zhibo/Info.plist;
				LD_RUNPATH_SEARCH_PATHS = "$(inherited) @executable_path/Frameworks";
				PRODUCT_BUNDLE_IDENTIFIER = "--.zhibo";
				PRODUCT_NAME = "$(TARGET_NAME)";
			};
			name = Debug;
		};
		31DE2ADA1EAD929A009441F1 /* Release */ = {
			isa = XCBuildConfiguration;
			buildSettings = {
				ASSETCATALOG_COMPILER_APPICON_NAME = AppIcon;
				DEVELOPMENT_TEAM = 3V39Q7F96X;
				INFOPLIST_FILE = zhibo/Info.plist;
				LD_RUNPATH_SEARCH_PATHS = "$(inherited) @executable_path/Frameworks";
				PRODUCT_BUNDLE_IDENTIFIER = "--.zhibo";
				PRODUCT_NAME = "$(TARGET_NAME)";
			};
			name = Release;
		};
/* End XCBuildConfiguration section */

/* Begin XCConfigurationList section */
		31DE2ABC1EAD929A009441F1 /* Build configuration list for PBXProject "zhibo" */ = {
			isa = XCConfigurationList;
			buildConfigurations = (
				31DE2AD61EAD929A009441F1 /* Debug */,
				31DE2AD71EAD929A009441F1 /* Release */,
			);
			defaultConfigurationIsVisible = 0;
			defaultConfigurationName = Release;
		};
		31DE2AD81EAD929A009441F1 /* Build configuration list for PBXNativeTarget "zhibo" */ = {
			isa = XCConfigurationList;
			buildConfigurations = (
				31DE2AD91EAD929A009441F1 /* Debug */,
				31DE2ADA1EAD929A009441F1 /* Release */,
			);
			defaultConfigurationIsVisible = 0;
			defaultConfigurationName = Release;
		};
/* End XCConfigurationList section */
	};
	rootObject = 31DE2AB91EAD929A009441F1 /* Project object */;
}
