// !$*UTF8*$!
{
	archiveVersion = 1;
	classes = {
	};
	objectVersion = 46;
	objects = {

/* Begin PBXBuildFile section */
		316861621EADF53400CCEC38 /* AppDelegate.m in Sources */ = {isa = PBXBuildFile; fileRef = 3168615A1EADF53400CCEC38 /* AppDelegate.m */; };
		3176321D1EAE20C400E9D711 /* STHomePageController.m in Sources */ = {isa = PBXBuildFile; fileRef = 3176321A1EAE20C400E9D711 /* STHomePageController.m */; };
		317632241EAE20E100E9D711 /* STMeController.m in Sources */ = {isa = PBXBuildFile; fileRef = 317632211EAE20E100E9D711 /* STMeController.m */; };
		3176322C1EAE211A00E9D711 /* STTabBarController.m in Sources */ = {isa = PBXBuildFile; fileRef = 317632271EAE211A00E9D711 /* STTabBarController.m */; };
		3176322D1EAE211A00E9D711 /* STTabBar.m in Sources */ = {isa = PBXBuildFile; fileRef = 3176322B1EAE211A00E9D711 /* STTabBar.m */; };
		317632451EAE220200E9D711 /* UIBarButtonItem+STExtension.m in Sources */ = {isa = PBXBuildFile; fileRef = 317632421EAE220200E9D711 /* UIBarButtonItem+STExtension.m */; };
		317632461EAE220200E9D711 /* UIView+STExtension.m in Sources */ = {isa = PBXBuildFile; fileRef = 317632441EAE220200E9D711 /* UIView+STExtension.m */; };
		3176325C1EAE236700E9D711 /* STShowController.m in Sources */ = {isa = PBXBuildFile; fileRef = 317632591EAE236700E9D711 /* STShowController.m */; };
		3176325F1EAE264900E9D711 /* STNaVigationController.m in Sources */ = {isa = PBXBuildFile; fileRef = 3176325E1EAE264900E9D711 /* STNaVigationController.m */; };
		317632621EAE2F0F00E9D711 /* STHotViewController.m in Sources */ = {isa = PBXBuildFile; fileRef = 317632611EAE2F0F00E9D711 /* STHotViewController.m */; };
		317632651EAE2F8600E9D711 /* STNearViewController.m in Sources */ = {isa = PBXBuildFile; fileRef = 317632641EAE2F8600E9D711 /* STNearViewController.m */; };
		317632681EAE2FBF00E9D711 /* STFriendTrendViewController.m in Sources */ = {isa = PBXBuildFile; fileRef = 317632671EAE2FBF00E9D711 /* STFriendTrendViewController.m */; };
		3176326F1EAE407D00E9D711 /* HttpTool.m in Sources */ = {isa = PBXBuildFile; fileRef = 3176326C1EAE407D00E9D711 /* HttpTool.m */; };
		317632701EAE407D00E9D711 /* UIImageView+SDWebImage.m in Sources */ = {isa = PBXBuildFile; fileRef = 3176326E1EAE407D00E9D711 /* UIImageView+SDWebImage.m */; };
		31DE2AC61EAD929A009441F1 /* main.m in Sources */ = {isa = PBXBuildFile; fileRef = 31DE2AC51EAD929A009441F1 /* main.m */; };
		31DE2ACF1EAD929A009441F1 /* Main.storyboard in Resources */ = {isa = PBXBuildFile; fileRef = 31DE2ACD1EAD929A009441F1 /* Main.storyboard */; };
		31DE2AD11EAD929A009441F1 /* Assets.xcassets in Resources */ = {isa = PBXBuildFile; fileRef = 31DE2AD01EAD929A009441F1 /* Assets.xcassets */; };
		31DE2AD41EAD929A009441F1 /* LaunchScreen.storyboard in Resources */ = {isa = PBXBuildFile; fileRef = 31DE2AD21EAD929A009441F1 /* LaunchScreen.storyboard */; };
		61B32C3A653E8A06EBCB0C1C /* libPods-zhibo.a in Frameworks */ = {isa = PBXBuildFile; fileRef = 5D143A2E3CE0D77D58CCE0BB /* libPods-zhibo.a */; };
/* End PBXBuildFile section */

/* Begin PBXFileReference section */
		08D6D9BC4EB5E5002B785B3A /* Pods-zhibo.release.xcconfig */ = {isa = PBXFileReference; includeInIndex = 1; lastKnownFileType = text.xcconfig; name = "Pods-zhibo.release.xcconfig"; path = "Pods/Target Support Files/Pods-zhibo/Pods-zhibo.release.xcconfig"; sourceTree = "<group>"; };
		316861591EADF53400CCEC38 /* AppDelegate.h */ = {isa = PBXFileReference; fileEncoding = 4; lastKnownFileType = sourcecode.c.h; path = AppDelegate.h; sourceTree = "<group>"; };
		3168615A1EADF53400CCEC38 /* AppDelegate.m */ = {isa = PBXFileReference; fileEncoding = 4; lastKnownFileType = sourcecode.c.objc; path = AppDelegate.m; sourceTree = "<group>"; };
		317632191EAE20C400E9D711 /* STHomePageController.h */ = {isa = PBXFileReference; fileEncoding = 4; lastKnownFileType = sourcecode.c.h; path = STHomePageController.h; sourceTree = "<group>"; };
		3176321A1EAE20C400E9D711 /* STHomePageController.m */ = {isa = PBXFileReference; fileEncoding = 4; lastKnownFileType = sourcecode.c.objc; path = STHomePageController.m; sourceTree = "<group>"; };
		317632201EAE20E100E9D711 /* STMeController.h */ = {isa = PBXFileReference; fileEncoding = 4; lastKnownFileType = sourcecode.c.h; path = STMeController.h; sourceTree = "<group>"; };
		317632211EAE20E100E9D711 /* STMeController.m */ = {isa = PBXFileReference; fileEncoding = 4; lastKnownFileType = sourcecode.c.objc; path = STMeController.m; sourceTree = "<group>"; };
		317632261EAE211A00E9D711 /* STTabBarController.h */ = {isa = PBXFileReference; fileEncoding = 4; lastKnownFileType = sourcecode.c.h; path = STTabBarController.h; sourceTree = "<group>"; };
		317632271EAE211A00E9D711 /* STTabBarController.m */ = {isa = PBXFileReference; fileEncoding = 4; lastKnownFileType = sourcecode.c.objc; path = STTabBarController.m; sourceTree = "<group>"; };
		317632281EAE211A00E9D711 /* PrefixHeader.pch */ = {isa = PBXFileReference; fileEncoding = 4; lastKnownFileType = sourcecode.c.h; path = PrefixHeader.pch; sourceTree = "<group>"; };
		3176322A1EAE211A00E9D711 /* STTabBar.h */ = {isa = PBXFileReference; fileEncoding = 4; lastKnownFileType = sourcecode.c.h; path = STTabBar.h; sourceTree = "<group>"; };
		3176322B1EAE211A00E9D711 /* STTabBar.m */ = {isa = PBXFileReference; fileEncoding = 4; lastKnownFileType = sourcecode.c.objc; path = STTabBar.m; sourceTree = "<group>"; };
		317632411EAE220200E9D711 /* UIBarButtonItem+STExtension.h */ = {isa = PBXFileReference; fileEncoding = 4; lastKnownFileType = sourcecode.c.h; path = "UIBarButtonItem+STExtension.h"; sourceTree = "<group>"; };
		317632421EAE220200E9D711 /* UIBarButtonItem+STExtension.m */ = {isa = PBXFileReference; fileEncoding = 4; lastKnownFileType = sourcecode.c.objc; path = "UIBarButtonItem+STExtension.m"; sourceTree = "<group>"; };
		317632431EAE220200E9D711 /* UIView+STExtension.h */ = {isa = PBXFileReference; fileEncoding = 4; lastKnownFileType = sourcecode.c.h; path = "UIView+STExtension.h"; sourceTree = "<group>"; };
		317632441EAE220200E9D711 /* UIView+STExtension.m */ = {isa = PBXFileReference; fileEncoding = 4; lastKnownFileType = sourcecode.c.objc; path = "UIView+STExtension.m"; sourceTree = "<group>"; };
		317632581EAE236700E9D711 /* STShowController.h */ = {isa = PBXFileReference; fileEncoding = 4; lastKnownFileType = sourcecode.c.h; path = STShowController.h; sourceTree = "<group>"; };
		317632591EAE236700E9D711 /* STShowController.m */ = {isa = PBXFileReference; fileEncoding = 4; lastKnownFileType = sourcecode.c.objc; path = STShowController.m; sourceTree = "<group>"; };
		3176325D1EAE264900E9D711 /* STNaVigationController.h */ = {isa = PBXFileReference; fileEncoding = 4; lastKnownFileType = sourcecode.c.h; path = STNaVigationController.h; sourceTree = "<group>"; };
		3176325E1EAE264900E9D711 /* STNaVigationController.m */ = {isa = PBXFileReference; fileEncoding = 4; lastKnownFileType = sourcecode.c.objc; path = STNaVigationController.m; sourceTree = "<group>"; };
		317632601EAE2F0F00E9D711 /* STHotViewController.h */ = {isa = PBXFileReference; fileEncoding = 4; lastKnownFileType = sourcecode.c.h; path = STHotViewController.h; sourceTree = "<group>"; };
		317632611EAE2F0F00E9D711 /* STHotViewController.m */ = {isa = PBXFileReference; fileEncoding = 4; lastKnownFileType = sourcecode.c.objc; path = STHotViewController.m; sourceTree = "<group>"; };
		317632631EAE2F8600E9D711 /* STNearViewController.h */ = {isa = PBXFileReference; fileEncoding = 4; lastKnownFileType = sourcecode.c.h; path = STNearViewController.h; sourceTree = "<group>"; };
		317632641EAE2F8600E9D711 /* STNearViewController.m */ = {isa = PBXFileReference; fileEncoding = 4; lastKnownFileType = sourcecode.c.objc; path = STNearViewController.m; sourceTree = "<group>"; };
		317632661EAE2FBF00E9D711 /* STFriendTrendViewController.h */ = {isa = PBXFileReference; fileEncoding = 4; lastKnownFileType = sourcecode.c.h; path = STFriendTrendViewController.h; sourceTree = "<group>"; };
		317632671EAE2FBF00E9D711 /* STFriendTrendViewController.m */ = {isa = PBXFileReference; fileEncoding = 4; lastKnownFileType = sourcecode.c.objc; path = STFriendTrendViewController.m; sourceTree = "<group>"; };
		3176326A1EAE407D00E9D711 /* APIConfig.h */ = {isa = PBXFileReference; fileEncoding = 4; lastKnownFileType = sourcecode.c.h; path = APIConfig.h; sourceTree = "<group>"; };
		3176326B1EAE407D00E9D711 /* HttpTool.h */ = {isa = PBXFileReference; fileEncoding = 4; lastKnownFileType = sourcecode.c.h; path = HttpTool.h; sourceTree = "<group>"; };
		3176326C1EAE407D00E9D711 /* HttpTool.m */ = {isa = PBXFileReference; fileEncoding = 4; lastKnownFileType = sourcecode.c.objc; path = HttpTool.m; sourceTree = "<group>"; };
		3176326D1EAE407D00E9D711 /* UIImageView+SDWebImage.h */ = {isa = PBXFileReference; fileEncoding = 4; lastKnownFileType = sourcecode.c.h; path = "UIImageView+SDWebImage.h"; sourceTree = "<group>"; };
		3176326E1EAE407D00E9D711 /* UIImageView+SDWebImage.m */ = {isa = PBXFileReference; fileEncoding = 4; lastKnownFileType = sourcecode.c.objc; path = "UIImageView+SDWebImage.m"; sourceTree = "<group>"; };
		31DE2AC11EAD929A009441F1 /* zhibo.app */ = {isa = PBXFileReference; explicitFileType = wrapper.application; includeInIndex = 0; path = zhibo.app; sourceTree = BUILT_PRODUCTS_DIR; };
		31DE2AC51EAD929A009441F1 /* main.m */ = {isa = PBXFileReference; lastKnownFileType = sourcecode.c.objc; path = main.m; sourceTree = "<group>"; };
		31DE2ACE1EAD929A009441F1 /* Base */ = {isa = PBXFileReference; lastKnownFileType = file.storyboard; name = Base; path = Base.lproj/Main.storyboard; sourceTree = "<group>"; };
		31DE2AD01EAD929A009441F1 /* Assets.xcassets */ = {isa = PBXFileReference; lastKnownFileType = folder.assetcatalog; path = Assets.xcassets; sourceTree = "<group>"; };
		31DE2AD31EAD929A009441F1 /* Base */ = {isa = PBXFileReference; lastKnownFileType = file.storyboard; name = Base; path = Base.lproj/LaunchScreen.storyboard; sourceTree = "<group>"; };
		31DE2AD51EAD929A009441F1 /* Info.plist */ = {isa = PBXFileReference; lastKnownFileType = text.plist.xml; path = Info.plist; sourceTree = "<group>"; };
		5D143A2E3CE0D77D58CCE0BB /* libPods-zhibo.a */ = {isa = PBXFileReference; explicitFileType = archive.ar; includeInIndex = 0; path = "libPods-zhibo.a"; sourceTree = BUILT_PRODUCTS_DIR; };
		C488E40E1ACCB11C06B36509 /* Pods-zhibo.debug.xcconfig */ = {isa = PBXFileReference; includeInIndex = 1; lastKnownFileType = text.xcconfig; name = "Pods-zhibo.debug.xcconfig"; path = "Pods/Target Support Files/Pods-zhibo/Pods-zhibo.debug.xcconfig"; sourceTree = "<group>"; };
/* End PBXFileReference section */

/* Begin PBXFrameworksBuildPhase section */
		31DE2ABE1EAD929A009441F1 /* Frameworks */ = {
			isa = PBXFrameworksBuildPhase;
			buildActionMask = 2147483647;
			files = (
				61B32C3A653E8A06EBCB0C1C /* libPods-zhibo.a in Frameworks */,
			);
			runOnlyForDeploymentPostprocessing = 0;
		};
/* End PBXFrameworksBuildPhase section */

/* Begin PBXGroup section */
		316861441EADEE4100CCEC38 /* Class */ = {
			isa = PBXGroup;
			children = (
				317632171EAE20C400E9D711 /* HomePage */,
				317632531EAE233800E9D711 /* Hot */,
				3176324A1EAE231200E9D711 /* Near */,
				3176324E1EAE232400E9D711 /* FriendTrend */,
				317632521EAE232400E9D711 /* Show */,
				3176321E1EAE20E100E9D711 /* Me */,
				317632691EAE407D00E9D711 /* NetWork */,
				316861581EADF53400CCEC38 /* Other */,
			);
			path = Class;
			sourceTree = "<group>";
		};
		316861581EADF53400CCEC38 /* Other */ = {
			isa = PBXGroup;
			children = (
				317632401EAE220200E9D711 /* Category */,
				317632251EAE211A00E9D711 /* Controller */,
				317632291EAE211A00E9D711 /* View */,
				316861591EADF53400CCEC38 /* AppDelegate.h */,
				3168615A1EADF53400CCEC38 /* AppDelegate.m */,
				317632281EAE211A00E9D711 /* PrefixHeader.pch */,
			);
			path = Other;
			sourceTree = "<group>";
		};
		316D44F199FF32E7B5FDA8DC /* Frameworks */ = {
			isa = PBXGroup;
			children = (
				5D143A2E3CE0D77D58CCE0BB /* libPods-zhibo.a */,
			);
			name = Frameworks;
			sourceTree = "<group>";
		};
		317632171EAE20C400E9D711 /* HomePage */ = {
			isa = PBXGroup;
			children = (
				317632181EAE20C400E9D711 /* Controller */,
				3176321B1EAE20C400E9D711 /* Model */,
				3176321C1EAE20C400E9D711 /* View */,
			);
			path = HomePage;
			sourceTree = "<group>";
		};
		317632181EAE20C400E9D711 /* Controller */ = {
			isa = PBXGroup;
			children = (
				317632191EAE20C400E9D711 /* STHomePageController.h */,
				3176321A1EAE20C400E9D711 /* STHomePageController.m */,
			);
			path = Controller;
			sourceTree = "<group>";
		};
		3176321B1EAE20C400E9D711 /* Model */ = {
			isa = PBXGroup;
			children = (
			);
			path = Model;
			sourceTree = "<group>";
		};
		3176321C1EAE20C400E9D711 /* View */ = {
			isa = PBXGroup;
			children = (
			);
			path = View;
			sourceTree = "<group>";
		};
		3176321E1EAE20E100E9D711 /* Me */ = {
			isa = PBXGroup;
			children = (
				3176321F1EAE20E100E9D711 /* Controller */,
				317632221EAE20E100E9D711 /* Model */,
				317632231EAE20E100E9D711 /* View */,
			);
			path = Me;
			sourceTree = "<group>";
		};
		3176321F1EAE20E100E9D711 /* Controller */ = {
			isa = PBXGroup;
			children = (
				317632201EAE20E100E9D711 /* STMeController.h */,
				317632211EAE20E100E9D711 /* STMeController.m */,
			);
			path = Controller;
			sourceTree = "<group>";
		};
		317632221EAE20E100E9D711 /* Model */ = {
			isa = PBXGroup;
			children = (
			);
			path = Model;
			sourceTree = "<group>";
		};
		317632231EAE20E100E9D711 /* View */ = {
			isa = PBXGroup;
			children = (
			);
			path = View;
			sourceTree = "<group>";
		};
		317632251EAE211A00E9D711 /* Controller */ = {
			isa = PBXGroup;
			children = (
				317632261EAE211A00E9D711 /* STTabBarController.h */,
				317632271EAE211A00E9D711 /* STTabBarController.m */,
				3176325D1EAE264900E9D711 /* STNaVigationController.h */,
				3176325E1EAE264900E9D711 /* STNaVigationController.m */,
			);
			path = Controller;
			sourceTree = "<group>";
		};
		317632291EAE211A00E9D711 /* View */ = {
			isa = PBXGroup;
			children = (
				3176322A1EAE211A00E9D711 /* STTabBar.h */,
				3176322B1EAE211A00E9D711 /* STTabBar.m */,
			);
			path = View;
			sourceTree = "<group>";
		};
		317632401EAE220200E9D711 /* Category */ = {
			isa = PBXGroup;
			children = (
				317632411EAE220200E9D711 /* UIBarButtonItem+STExtension.h */,
				317632421EAE220200E9D711 /* UIBarButtonItem+STExtension.m */,
				317632431EAE220200E9D711 /* UIView+STExtension.h */,
				317632441EAE220200E9D711 /* UIView+STExtension.m */,
			);
			path = Category;
			sourceTree = "<group>";
		};
		3176324A1EAE231200E9D711 /* Near */ = {
			isa = PBXGroup;
			children = (
				3176324B1EAE231200E9D711 /* Controller */,
				3176324C1EAE231200E9D711 /* Model */,
				3176324D1EAE231200E9D711 /* View */,
			);
			path = Near;
			sourceTree = "<group>";
		};
		3176324B1EAE231200E9D711 /* Controller */ = {
			isa = PBXGroup;
			children = (
				317632631EAE2F8600E9D711 /* STNearViewController.h */,
				317632641EAE2F8600E9D711 /* STNearViewController.m */,
			);
			path = Controller;
			sourceTree = "<group>";
		};
		3176324C1EAE231200E9D711 /* Model */ = {
			isa = PBXGroup;
			children = (
			);
			path = Model;
			sourceTree = "<group>";
		};
		3176324D1EAE231200E9D711 /* View */ = {
			isa = PBXGroup;
			children = (
			);
			path = View;
			sourceTree = "<group>";
		};
		3176324E1EAE232400E9D711 /* FriendTrend */ = {
			isa = PBXGroup;
			children = (
				3176324F1EAE232400E9D711 /* Controller */,
				317632501EAE232400E9D711 /* Model */,
				317632511EAE232400E9D711 /* View */,
			);
			path = FriendTrend;
			sourceTree = "<group>";
		};
		3176324F1EAE232400E9D711 /* Controller */ = {
			isa = PBXGroup;
			children = (
				317632661EAE2FBF00E9D711 /* STFriendTrendViewController.h */,
				317632671EAE2FBF00E9D711 /* STFriendTrendViewController.m */,
			);
			path = Controller;
			sourceTree = "<group>";
		};
		317632501EAE232400E9D711 /* Model */ = {
			isa = PBXGroup;
			children = (
			);
			path = Model;
			sourceTree = "<group>";
		};
		317632511EAE232400E9D711 /* View */ = {
			isa = PBXGroup;
			children = (
			);
			path = View;
			sourceTree = "<group>";
		};
		317632521EAE232400E9D711 /* Show */ = {
			isa = PBXGroup;
			children = (
				317632571EAE236700E9D711 /* Controller */,
				3176325A1EAE236700E9D711 /* Model */,
				3176325B1EAE236700E9D711 /* View */,
			);
			path = Show;
			sourceTree = "<group>";
		};
		317632531EAE233800E9D711 /* Hot */ = {
			isa = PBXGroup;
			children = (
				317632541EAE233800E9D711 /* Controller */,
				317632551EAE233800E9D711 /* Model */,
				317632561EAE233800E9D711 /* View */,
			);
			path = Hot;
			sourceTree = "<group>";
		};
		317632541EAE233800E9D711 /* Controller */ = {
			isa = PBXGroup;
			children = (
				317632601EAE2F0F00E9D711 /* STHotViewController.h */,
				317632611EAE2F0F00E9D711 /* STHotViewController.m */,
			);
			path = Controller;
			sourceTree = "<group>";
		};
		317632551EAE233800E9D711 /* Model */ = {
			isa = PBXGroup;
			children = (
			);
			path = Model;
			sourceTree = "<group>";
		};
		317632561EAE233800E9D711 /* View */ = {
			isa = PBXGroup;
			children = (
			);
			path = View;
			sourceTree = "<group>";
		};
		317632571EAE236700E9D711 /* Controller */ = {
			isa = PBXGroup;
			children = (
				317632581EAE236700E9D711 /* STShowController.h */,
				317632591EAE236700E9D711 /* STShowController.m */,
			);
			path = Controller;
			sourceTree = "<group>";
		};
		3176325A1EAE236700E9D711 /* Model */ = {
			isa = PBXGroup;
			children = (
			);
			path = Model;
			sourceTree = "<group>";
		};
		3176325B1EAE236700E9D711 /* View */ = {
			isa = PBXGroup;
			children = (
			);
			path = View;
			sourceTree = "<group>";
		};
		317632691EAE407D00E9D711 /* NetWork */ = {
			isa = PBXGroup;
			children = (
				3176326A1EAE407D00E9D711 /* APIConfig.h */,
				3176326B1EAE407D00E9D711 /* HttpTool.h */,
				3176326C1EAE407D00E9D711 /* HttpTool.m */,
				3176326D1EAE407D00E9D711 /* UIImageView+SDWebImage.h */,
				3176326E1EAE407D00E9D711 /* UIImageView+SDWebImage.m */,
			);
			path = NetWork;
			sourceTree = "<group>";
		};
		31DE2AB81EAD929A009441F1 = {
			isa = PBXGroup;
			children = (
				31DE2AC31EAD929A009441F1 /* zhibo */,
				31DE2AC21EAD929A009441F1 /* Products */,
				6B41DAB7AD46C23D9F8CE753 /* Pods */,
				316D44F199FF32E7B5FDA8DC /* Frameworks */,
			);
			sourceTree = "<group>";
		};
		31DE2AC21EAD929A009441F1 /* Products */ = {
			isa = PBXGroup;
			children = (
				31DE2AC11EAD929A009441F1 /* zhibo.app */,
			);
			name = Products;
			sourceTree = "<group>";
		};
		31DE2AC31EAD929A009441F1 /* zhibo */ = {
			isa = PBXGroup;
			children = (
				316861441EADEE4100CCEC38 /* Class */,
				31DE2ACD1EAD929A009441F1 /* Main.storyboard */,
				31DE2AD01EAD929A009441F1 /* Assets.xcassets */,
				31DE2AD21EAD929A009441F1 /* LaunchScreen.storyboard */,
				31DE2AD51EAD929A009441F1 /* Info.plist */,
				31DE2AC41EAD929A009441F1 /* Supporting Files */,
			);
			path = zhibo;
			sourceTree = "<group>";
		};
		31DE2AC41EAD929A009441F1 /* Supporting Files */ = {
			isa = PBXGroup;
			children = (
				31DE2AC51EAD929A009441F1 /* main.m */,
			);
			name = "Supporting Files";
			sourceTree = "<group>";
		};
		6B41DAB7AD46C23D9F8CE753 /* Pods */ = {
			isa = PBXGroup;
			children = (
				C488E40E1ACCB11C06B36509 /* Pods-zhibo.debug.xcconfig */,
				08D6D9BC4EB5E5002B785B3A /* Pods-zhibo.release.xcconfig */,
			);
			name = Pods;
			sourceTree = "<group>";
		};
/* End PBXGroup section */

/* Begin PBXNativeTarget section */
		31DE2AC01EAD929A009441F1 /* zhibo */ = {
			isa = PBXNativeTarget;
			buildConfigurationList = 31DE2AD81EAD929A009441F1 /* Build configuration list for PBXNativeTarget "zhibo" */;
			buildPhases = (
				83DAE8469C87539065D4FCD8 /* [CP] Check Pods Manifest.lock */,
				31DE2ABD1EAD929A009441F1 /* Sources */,
				31DE2ABE1EAD929A009441F1 /* Frameworks */,
				31DE2ABF1EAD929A009441F1 /* Resources */,
				5A38CCA54A148A106B252824 /* [CP] Embed Pods Frameworks */,
				2503EFA215B7471EAD767B38 /* [CP] Copy Pods Resources */,
			);
			buildRules = (
			);
			dependencies = (
			);
			name = zhibo;
			productName = zhibo;
			productReference = 31DE2AC11EAD929A009441F1 /* zhibo.app */;
			productType = "com.apple.product-type.application";
		};
/* End PBXNativeTarget section */

/* Begin PBXProject section */
		31DE2AB91EAD929A009441F1 /* Project object */ = {
			isa = PBXProject;
			attributes = {
				CLASSPREFIX = ST;
				LastUpgradeCheck = 0820;
				ORGANIZATIONNAME = "孙涛";
				TargetAttributes = {
					31DE2AC01EAD929A009441F1 = {
						CreatedOnToolsVersion = 8.2.1;
						DevelopmentTeam = 3V39Q7F96X;
						ProvisioningStyle = Automatic;
					};
				};
			};
			buildConfigurationList = 31DE2ABC1EAD929A009441F1 /* Build configuration list for PBXProject "zhibo" */;
			compatibilityVersion = "Xcode 3.2";
			developmentRegion = English;
			hasScannedForEncodings = 0;
			knownRegions = (
				en,
				Base,
			);
			mainGroup = 31DE2AB81EAD929A009441F1;
			productRefGroup = 31DE2AC21EAD929A009441F1 /* Products */;
			projectDirPath = "";
			projectRoot = "";
			targets = (
				31DE2AC01EAD929A009441F1 /* zhibo */,
			);
		};
/* End PBXProject section */

/* Begin PBXResourcesBuildPhase section */
		31DE2ABF1EAD929A009441F1 /* Resources */ = {
			isa = PBXResourcesBuildPhase;
			buildActionMask = 2147483647;
			files = (
				31DE2AD41EAD929A009441F1 /* LaunchScreen.storyboard in Resources */,
				31DE2AD11EAD929A009441F1 /* Assets.xcassets in Resources */,
				31DE2ACF1EAD929A009441F1 /* Main.storyboard in Resources */,
			);
			runOnlyForDeploymentPostprocessing = 0;
		};
/* End PBXResourcesBuildPhase section */

/* Begin PBXShellScriptBuildPhase section */
		2503EFA215B7471EAD767B38 /* [CP] Copy Pods Resources */ = {
			isa = PBXShellScriptBuildPhase;
			buildActionMask = 2147483647;
			files = (
			);
			inputPaths = (
			);
			name = "[CP] Copy Pods Resources";
			outputPaths = (
			);
			runOnlyForDeploymentPostprocessing = 0;
			shellPath = /bin/sh;
			shellScript = "\"${SRCROOT}/Pods/Target Support Files/Pods-zhibo/Pods-zhibo-resources.sh\"\n";
			showEnvVarsInLog = 0;
		};
		5A38CCA54A148A106B252824 /* [CP] Embed Pods Frameworks */ = {
			isa = PBXShellScriptBuildPhase;
			buildActionMask = 2147483647;
			files = (
			);
			inputPaths = (
			);
			name = "[CP] Embed Pods Frameworks";
			outputPaths = (
			);
			runOnlyForDeploymentPostprocessing = 0;
			shellPath = /bin/sh;
			shellScript = "\"${SRCROOT}/Pods/Target Support Files/Pods-zhibo/Pods-zhibo-frameworks.sh\"\n";
			showEnvVarsInLog = 0;
		};
		83DAE8469C87539065D4FCD8 /* [CP] Check Pods Manifest.lock */ = {
			isa = PBXShellScriptBuildPhase;
			buildActionMask = 2147483647;
			files = (
			);
			inputPaths = (
			);
			name = "[CP] Check Pods Manifest.lock";
			outputPaths = (
			);
			runOnlyForDeploymentPostprocessing = 0;
			shellPath = /bin/sh;
			shellScript = "diff \"${PODS_ROOT}/../Podfile.lock\" \"${PODS_ROOT}/Manifest.lock\" > /dev/null\nif [ $? != 0 ] ; then\n    # print error to STDERR\n    echo \"error: The sandbox is not in sync with the Podfile.lock. Run 'pod install' or update your CocoaPods installation.\" >&2\n    exit 1\nfi\n";
			showEnvVarsInLog = 0;
		};
/* End PBXShellScriptBuildPhase section */

/* Begin PBXSourcesBuildPhase section */
		31DE2ABD1EAD929A009441F1 /* Sources */ = {
			isa = PBXSourcesBuildPhase;
			buildActionMask = 2147483647;
			files = (
				317632461EAE220200E9D711 /* UIView+STExtension.m in Sources */,
				317632241EAE20E100E9D711 /* STMeController.m in Sources */,
				3176322C1EAE211A00E9D711 /* STTabBarController.m in Sources */,
				316861621EADF53400CCEC38 /* AppDelegate.m in Sources */,
				3176325C1EAE236700E9D711 /* STShowController.m in Sources */,
				317632701EAE407D00E9D711 /* UIImageView+SDWebImage.m in Sources */,
				317632651EAE2F8600E9D711 /* STNearViewController.m in Sources */,
				3176321D1EAE20C400E9D711 /* STHomePageController.m in Sources */,
				317632451EAE220200E9D711 /* UIBarButtonItem+STExtension.m in Sources */,
				31DE2AC61EAD929A009441F1 /* main.m in Sources */,
				3176325F1EAE264900E9D711 /* STNaVigationController.m in Sources */,
				317632621EAE2F0F00E9D711 /* STHotViewController.m in Sources */,
				317632681EAE2FBF00E9D711 /* STFriendTrendViewController.m in Sources */,
				3176322D1EAE211A00E9D711 /* STTabBar.m in Sources */,
				3176326F1EAE407D00E9D711 /* HttpTool.m in Sources */,
			);
			runOnlyForDeploymentPostprocessing = 0;
		};
/* End PBXSourcesBuildPhase section */

/* Begin PBXVariantGroup section */
		31DE2ACD1EAD929A009441F1 /* Main.storyboard */ = {
			isa = PBXVariantGroup;
			children = (
				31DE2ACE1EAD929A009441F1 /* Base */,
			);
			name = Main.storyboard;
			sourceTree = "<group>";
		};
		31DE2AD21EAD929A009441F1 /* LaunchScreen.storyboard */ = {
			isa = PBXVariantGroup;
			children = (
				31DE2AD31EAD929A009441F1 /* Base */,
			);
			name = LaunchScreen.storyboard;
			sourceTree = "<group>";
		};
/* End PBXVariantGroup section */

/* Begin XCBuildConfiguration section */
		31DE2AD61EAD929A009441F1 /* Debug */ = {
			isa = XCBuildConfiguration;
			buildSettings = {
				ALWAYS_SEARCH_USER_PATHS = NO;
				CLANG_ANALYZER_NONNULL = YES;
				CLANG_CXX_LANGUAGE_STANDARD = "gnu++0x";
				CLANG_CXX_LIBRARY = "libc++";
				CLANG_ENABLE_MODULES = YES;
				CLANG_ENABLE_OBJC_ARC = YES;
				CLANG_WARN_BOOL_CONVERSION = YES;
				CLANG_WARN_CONSTANT_CONVERSION = YES;
				CLANG_WARN_DIRECT_OBJC_ISA_USAGE = YES_ERROR;
				CLANG_WARN_DOCUMENTATION_COMMENTS = YES;
				CLANG_WARN_EMPTY_BODY = YES;
				CLANG_WARN_ENUM_CONVERSION = YES;
				CLANG_WARN_INFINITE_RECURSION = YES;
				CLANG_WARN_INT_CONVERSION = YES;
				CLANG_WARN_OBJC_ROOT_CLASS = YES_ERROR;
				CLANG_WARN_SUSPICIOUS_MOVE = YES;
				CLANG_WARN_UNREACHABLE_CODE = YES;
				CLANG_WARN__DUPLICATE_METHOD_MATCH = YES;
				"CODE_SIGN_IDENTITY[sdk=iphoneos*]" = "iPhone Developer";
				COPY_PHASE_STRIP = NO;
				DEBUG_INFORMATION_FORMAT = dwarf;
				ENABLE_STRICT_OBJC_MSGSEND = YES;
				ENABLE_TESTABILITY = YES;
				GCC_C_LANGUAGE_STANDARD = gnu99;
				GCC_DYNAMIC_NO_PIC = NO;
				GCC_NO_COMMON_BLOCKS = YES;
				GCC_OPTIMIZATION_LEVEL = 0;
				GCC_PREPROCESSOR_DEFINITIONS = (
					"DEBUG=1",
					"$(inherited)",
				);
				GCC_WARN_64_TO_32_BIT_CONVERSION = YES;
				GCC_WARN_ABOUT_RETURN_TYPE = YES_ERROR;
				GCC_WARN_UNDECLARED_SELECTOR = YES;
				GCC_WARN_UNINITIALIZED_AUTOS = YES_AGGRESSIVE;
				GCC_WARN_UNUSED_FUNCTION = YES;
				GCC_WARN_UNUSED_VARIABLE = YES;
				IPHONEOS_DEPLOYMENT_TARGET = 10.2;
				MTL_ENABLE_DEBUG_INFO = YES;
				ONLY_ACTIVE_ARCH = YES;
				SDKROOT = iphoneos;
				TARGETED_DEVICE_FAMILY = "1,2";
			};
			name = Debug;
		};
		31DE2AD71EAD929A009441F1 /* Release */ = {
			isa = XCBuildConfiguration;
			buildSettings = {
				ALWAYS_SEARCH_USER_PATHS = NO;
				CLANG_ANALYZER_NONNULL = YES;
				CLANG_CXX_LANGUAGE_STANDARD = "gnu++0x";
				CLANG_CXX_LIBRARY = "libc++";
				CLANG_ENABLE_MODULES = YES;
				CLANG_ENABLE_OBJC_ARC = YES;
				CLANG_WARN_BOOL_CONVERSION = YES;
				CLANG_WARN_CONSTANT_CONVERSION = YES;
				CLANG_WARN_DIRECT_OBJC_ISA_USAGE = YES_ERROR;
				CLANG_WARN_DOCUMENTATION_COMMENTS = YES;
				CLANG_WARN_EMPTY_BODY = YES;
				CLANG_WARN_ENUM_CONVERSION = YES;
				CLANG_WARN_INFINITE_RECURSION = YES;
				CLANG_WARN_INT_CONVERSION = YES;
				CLANG_WARN_OBJC_ROOT_CLASS = YES_ERROR;
				CLANG_WARN_SUSPICIOUS_MOVE = YES;
				CLANG_WARN_UNREACHABLE_CODE = YES;
				CLANG_WARN__DUPLICATE_METHOD_MATCH = YES;
				"CODE_SIGN_IDENTITY[sdk=iphoneos*]" = "iPhone Developer";
				COPY_PHASE_STRIP = NO;
				DEBUG_INFORMATION_FORMAT = "dwarf-with-dsym";
				ENABLE_NS_ASSERTIONS = NO;
				ENABLE_STRICT_OBJC_MSGSEND = YES;
				GCC_C_LANGUAGE_STANDARD = gnu99;
				GCC_NO_COMMON_BLOCKS = YES;
				GCC_WARN_64_TO_32_BIT_CONVERSION = YES;
				GCC_WARN_ABOUT_RETURN_TYPE = YES_ERROR;
				GCC_WARN_UNDECLARED_SELECTOR = YES;
				GCC_WARN_UNINITIALIZED_AUTOS = YES_AGGRESSIVE;
				GCC_WARN_UNUSED_FUNCTION = YES;
				GCC_WARN_UNUSED_VARIABLE = YES;
				IPHONEOS_DEPLOYMENT_TARGET = 10.2;
				MTL_ENABLE_DEBUG_INFO = NO;
				SDKROOT = iphoneos;
				TARGETED_DEVICE_FAMILY = "1,2";
				VALIDATE_PRODUCT = YES;
			};
			name = Release;
		};
		31DE2AD91EAD929A009441F1 /* Debug */ = {
			isa = XCBuildConfiguration;
			baseConfigurationReference = C488E40E1ACCB11C06B36509 /* Pods-zhibo.debug.xcconfig */;
			buildSettings = {
				ASSETCATALOG_COMPILER_APPICON_NAME = AppIcon;
				ASSETCATALOG_COMPILER_LAUNCHIMAGE_NAME = LaunchImage;
				DEVELOPMENT_TEAM = 3V39Q7F96X;
				GCC_PREFIX_HEADER = zhibo/Class/Other/PrefixHeader.pch;
				INFOPLIST_FILE = zhibo/Info.plist;
				IPHONEOS_DEPLOYMENT_TARGET = 9.0;
				LD_RUNPATH_SEARCH_PATHS = "$(inherited) @executable_path/Frameworks";
				PRODUCT_BUNDLE_IDENTIFIER = "--.zhibo";
				PRODUCT_NAME = "$(TARGET_NAME)";
			};
			name = Debug;
		};
		31DE2ADA1EAD929A009441F1 /* Release */ = {
			isa = XCBuildConfiguration;
			baseConfigurationReference = 08D6D9BC4EB5E5002B785B3A /* Pods-zhibo.release.xcconfig */;
			buildSettings = {
				ASSETCATALOG_COMPILER_APPICON_NAME = AppIcon;
				ASSETCATALOG_COMPILER_LAUNCHIMAGE_NAME = LaunchImage;
				DEVELOPMENT_TEAM = 3V39Q7F96X;
				GCC_PREFIX_HEADER = zhibo/Class/Other/PrefixHeader.pch;
				INFOPLIST_FILE = zhibo/Info.plist;
				IPHONEOS_DEPLOYMENT_TARGET = 9.0;
				LD_RUNPATH_SEARCH_PATHS = "$(inherited) @executable_path/Frameworks";
				PRODUCT_BUNDLE_IDENTIFIER = "--.zhibo";
				PRODUCT_NAME = "$(TARGET_NAME)";
			};
			name = Release;
		};
/* End XCBuildConfiguration section */

/* Begin XCConfigurationList section */
		31DE2ABC1EAD929A009441F1 /* Build configuration list for PBXProject "zhibo" */ = {
			isa = XCConfigurationList;
			buildConfigurations = (
				31DE2AD61EAD929A009441F1 /* Debug */,
				31DE2AD71EAD929A009441F1 /* Release */,
			);
			defaultConfigurationIsVisible = 0;
			defaultConfigurationName = Release;
		};
		31DE2AD81EAD929A009441F1 /* Build configuration list for PBXNativeTarget "zhibo" */ = {
			isa = XCConfigurationList;
			buildConfigurations = (
				31DE2AD91EAD929A009441F1 /* Debug */,
				31DE2ADA1EAD929A009441F1 /* Release */,
			);
			defaultConfigurationIsVisible = 0;
			defaultConfigurationName = Release;
		};
/* End XCConfigurationList section */
	};
	rootObject = 31DE2AB91EAD929A009441F1 /* Project object */;
}
