// !$*UTF8*$!
{
	archiveVersion = 1;
	classes = {
	};
	objectVersion = 46;
	objects = {

/* Begin PBXBuildFile section */
		316861621EADF53400CCEC38 /* AppDelegate.m in Sources */ = {isa = PBXBuildFile; fileRef = 3168615A1EADF53400CCEC38 /* AppDelegate.m */; };
		3176321D1EAE20C400E9D711 /* STHomePageController.m in Sources */ = {isa = PBXBuildFile; fileRef = 3176321A1EAE20C400E9D711 /* STHomePageController.m */; };
		317632241EAE20E100E9D711 /* STMeController.m in Sources */ = {isa = PBXBuildFile; fileRef = 317632211EAE20E100E9D711 /* STMeController.m */; };
		3176322C1EAE211A00E9D711 /* STTabBarController.m in Sources */ = {isa = PBXBuildFile; fileRef = 317632271EAE211A00E9D711 /* STTabBarController.m */; };
		3176322D1EAE211A00E9D711 /* STTabBar.m in Sources */ = {isa = PBXBuildFile; fileRef = 3176322B1EAE211A00E9D711 /* STTabBar.m */; };
		317632451EAE220200E9D711 /* UIBarButtonItem+STExtension.m in Sources */ = {isa = PBXBuildFile; fileRef = 317632421EAE220200E9D711 /* UIBarButtonItem+STExtension.m */; };
		317632461EAE220200E9D711 /* UIView+STExtension.m in Sources */ = {isa = PBXBuildFile; fileRef = 317632441EAE220200E9D711 /* UIView+STExtension.m */; };
		3176325C1EAE236700E9D711 /* STShowController.m in Sources */ = {isa = PBXBuildFile; fileRef = 317632591EAE236700E9D711 /* STShowController.m */; };
		3176325F1EAE264900E9D711 /* STNaVigationController.m in Sources */ = {isa = PBXBuildFile; fileRef = 3176325E1EAE264900E9D711 /* STNaVigationController.m */; };
		317632621EAE2F0F00E9D711 /* STHotViewController.m in Sources */ = {isa = PBXBuildFile; fileRef = 317632611EAE2F0F00E9D711 /* STHotViewController.m */; };
		317632651EAE2F8600E9D711 /* STNearViewController.m in Sources */ = {isa = PBXBuildFile; fileRef = 317632641EAE2F8600E9D711 /* STNearViewController.m */; };
		317632681EAE2FBF00E9D711 /* STFriendTrendViewController.m in Sources */ = {isa = PBXBuildFile; fileRef = 317632671EAE2FBF00E9D711 /* STFriendTrendViewController.m */; };
		3176326F1EAE407D00E9D711 /* HttpTool.m in Sources */ = {isa = PBXBuildFile; fileRef = 3176326C1EAE407D00E9D711 /* HttpTool.m */; };
		317632701EAE407D00E9D711 /* UIImageView+SDWebImage.m in Sources */ = {isa = PBXBuildFile; fileRef = 3176326E1EAE407D00E9D711 /* UIImageView+SDWebImage.m */; };
		318D15221EAF0A1900E2E4F2 /* Foundation+Log.m in Sources */ = {isa = PBXBuildFile; fileRef = 318D15211EAF0A1900E2E4F2 /* Foundation+Log.m */; };
		318D15251EAF0B8C00E2E4F2 /* STHot.m in Sources */ = {isa = PBXBuildFile; fileRef = 318D15241EAF0B8C00E2E4F2 /* STHot.m */; };
		318D15291EAF0E8B00E2E4F2 /* STHotCell.m in Sources */ = {isa = PBXBuildFile; fileRef = 318D15271EAF0E8B00E2E4F2 /* STHotCell.m */; };
		318D152A1EAF0E8B00E2E4F2 /* STHotCell.xib in Resources */ = {isa = PBXBuildFile; fileRef = 318D15281EAF0E8B00E2E4F2 /* STHotCell.xib */; };
		318D152D1EAF123400E2E4F2 /* STGreator.m in Sources */ = {isa = PBXBuildFile; fileRef = 318D152C1EAF123400E2E4F2 /* STGreator.m */; };
		318D152F1EAF7D9700E2E4F2 /* IJKMediaFramework.framework in Frameworks */ = {isa = PBXBuildFile; fileRef = 318D152E1EAF7D9700E2E4F2 /* IJKMediaFramework.framework */; };
		318D15311EAF7E7800E2E4F2 /* AudioToolbox.framework in Frameworks */ = {isa = PBXBuildFile; fileRef = 318D15301EAF7E7800E2E4F2 /* AudioToolbox.framework */; };
		318D15331EAF7E8600E2E4F2 /* AVFoundation.framework in Frameworks */ = {isa = PBXBuildFile; fileRef = 318D15321EAF7E8600E2E4F2 /* AVFoundation.framework */; };
		318D15351EAF7E9000E2E4F2 /* CoreGraphics.framework in Frameworks */ = {isa = PBXBuildFile; fileRef = 318D15341EAF7E9000E2E4F2 /* CoreGraphics.framework */; };
		318D15371EAF7E9900E2E4F2 /* CoreMedia.framework in Frameworks */ = {isa = PBXBuildFile; fileRef = 318D15361EAF7E9900E2E4F2 /* CoreMedia.framework */; };
		318D15391EAF7EA700E2E4F2 /* CoreVideo.framework in Frameworks */ = {isa = PBXBuildFile; fileRef = 318D15381EAF7EA700E2E4F2 /* CoreVideo.framework */; };
		318D153B1EAF7EBE00E2E4F2 /* libbz2.tbd in Frameworks */ = {isa = PBXBuildFile; fileRef = 318D153A1EAF7EBE00E2E4F2 /* libbz2.tbd */; };
		318D153D1EAF7EC700E2E4F2 /* libz.tbd in Frameworks */ = {isa = PBXBuildFile; fileRef = 318D153C1EAF7EC700E2E4F2 /* libz.tbd */; };
		318D153F1EAF7EDC00E2E4F2 /* MediaPlayer.framework in Frameworks */ = {isa = PBXBuildFile; fileRef = 318D153E1EAF7EDC00E2E4F2 /* MediaPlayer.framework */; };
		318D15411EAF7EEA00E2E4F2 /* MobileCoreServices.framework in Frameworks */ = {isa = PBXBuildFile; fileRef = 318D15401EAF7EEA00E2E4F2 /* MobileCoreServices.framework */; };
		318D15431EAF7EF500E2E4F2 /* OpenGLES.framework in Frameworks */ = {isa = PBXBuildFile; fileRef = 318D15421EAF7EF500E2E4F2 /* OpenGLES.framework */; };
		318D15451EAF7F0000E2E4F2 /* QuartzCore.framework in Frameworks */ = {isa = PBXBuildFile; fileRef = 318D15441EAF7F0000E2E4F2 /* QuartzCore.framework */; };
		318D15471EAF7F0C00E2E4F2 /* VideoToolbox.framework in Frameworks */ = {isa = PBXBuildFile; fileRef = 318D15461EAF7F0C00E2E4F2 /* VideoToolbox.framework */; };
		318D154A1EAF827C00E2E4F2 /* STHotPlayController.m in Sources */ = {isa = PBXBuildFile; fileRef = 318D15491EAF827C00E2E4F2 /* STHotPlayController.m */; };
		318D154E1EB0C57F00E2E4F2 /* STLiveChatViewController.m in Sources */ = {isa = PBXBuildFile; fileRef = 318D154C1EB0C57F00E2E4F2 /* STLiveChatViewController.m */; };
		318D154F1EB0C57F00E2E4F2 /* STLiveChatViewController.xib in Resources */ = {isa = PBXBuildFile; fileRef = 318D154D1EB0C57F00E2E4F2 /* STLiveChatViewController.xib */; };
		318D15531EB178D700E2E4F2 /* STLocationManager.m in Sources */ = {isa = PBXBuildFile; fileRef = 318D15521EB178D700E2E4F2 /* STLocationManager.m */; };
		318D15551EB1797300E2E4F2 /* CoreLocation.framework in Frameworks */ = {isa = PBXBuildFile; fileRef = 318D15541EB1797300E2E4F2 /* CoreLocation.framework */; };
		318D155B1EB1B1F700E2E4F2 /* STInfo.m in Sources */ = {isa = PBXBuildFile; fileRef = 318D155A1EB1B1F700E2E4F2 /* STInfo.m */; };
		318D155F1EB1B83C00E2E4F2 /* STNearCollectionViewCell.m in Sources */ = {isa = PBXBuildFile; fileRef = 318D155D1EB1B83C00E2E4F2 /* STNearCollectionViewCell.m */; };
		318D15601EB1B83C00E2E4F2 /* STNearCollectionViewCell.xib in Resources */ = {isa = PBXBuildFile; fileRef = 318D155E1EB1B83C00E2E4F2 /* STNearCollectionViewCell.xib */; };
		318D15621EB1BC2F00E2E4F2 /* STNearViewController.xib in Resources */ = {isa = PBXBuildFile; fileRef = 318D15611EB1BC2F00E2E4F2 /* STNearViewController.xib */; };
		318D15651EB23C2800E2E4F2 /* STlocationTextController.m in Sources */ = {isa = PBXBuildFile; fileRef = 318D15641EB23C2800E2E4F2 /* STlocationTextController.m */; };
		31D04B6B1EB43197006D1FAE /* STAdvertice.m in Sources */ = {isa = PBXBuildFile; fileRef = 31D04B6A1EB43197006D1FAE /* STAdvertice.m */; };
		31D04B6E1EB433D5006D1FAE /* STAdvertiseView.m in Sources */ = {isa = PBXBuildFile; fileRef = 31D04B6D1EB433D5006D1FAE /* STAdvertiseView.m */; };
		31D04B701EB433E0006D1FAE /* STAdvertiseView.xib in Resources */ = {isa = PBXBuildFile; fileRef = 31D04B6F1EB433E0006D1FAE /* STAdvertiseView.xib */; };
		31D04B741EBB1CDB006D1FAE /* STCacheHelper.m in Sources */ = {isa = PBXBuildFile; fileRef = 31D04B731EBB1CDB006D1FAE /* STCacheHelper.m */; };
		31D04B761EBB36BB006D1FAE /* STShowController.xib in Resources */ = {isa = PBXBuildFile; fileRef = 31D04B751EBB36BB006D1FAE /* STShowController.xib */; };
		31D04B7C1EBC1573006D1FAE /* STMeCell.m in Sources */ = {isa = PBXBuildFile; fileRef = 31D04B7A1EBC1573006D1FAE /* STMeCell.m */; };
		31D04B7D1EBC1573006D1FAE /* STMeCell.xib in Resources */ = {isa = PBXBuildFile; fileRef = 31D04B7B1EBC1573006D1FAE /* STMeCell.xib */; };
		31D04B811EBE94F1006D1FAE /* STMeController.storyboard in Resources */ = {isa = PBXBuildFile; fileRef = 31D04B801EBE94F1006D1FAE /* STMeController.storyboard */; };
		31DE2AC61EAD929A009441F1 /* main.m in Sources */ = {isa = PBXBuildFile; fileRef = 31DE2AC51EAD929A009441F1 /* main.m */; };
		31DE2ACF1EAD929A009441F1 /* Main.storyboard in Resources */ = {isa = PBXBuildFile; fileRef = 31DE2ACD1EAD929A009441F1 /* Main.storyboard */; };
		31DE2AD11EAD929A009441F1 /* Assets.xcassets in Resources */ = {isa = PBXBuildFile; fileRef = 31DE2AD01EAD929A009441F1 /* Assets.xcassets */; };
		31DE2AD41EAD929A009441F1 /* LaunchScreen.storyboard in Resources */ = {isa = PBXBuildFile; fileRef = 31DE2AD21EAD929A009441F1 /* LaunchScreen.storyboard */; };
		61B32C3A653E8A06EBCB0C1C /* libPods-zhibo.a in Frameworks */ = {isa = PBXBuildFile; fileRef = 5D143A2E3CE0D77D58CCE0BB /* libPods-zhibo.a */; };
/* End PBXBuildFile section */

/* Begin PBXFileReference section */
		08D6D9BC4EB5E5002B785B3A /* Pods-zhibo.release.xcconfig */ = {isa = PBXFileReference; includeInIndex = 1; lastKnownFileType = text.xcconfig; name = "Pods-zhibo.release.xcconfig"; path = "Pods/Target Support Files/Pods-zhibo/Pods-zhibo.release.xcconfig"; sourceTree = "<group>"; };
		316861591EADF53400CCEC38 /* AppDelegate.h */ = {isa = PBXFileReference; fileEncoding = 4; lastKnownFileType = sourcecode.c.h; path = AppDelegate.h; sourceTree = "<group>"; };
		3168615A1EADF53400CCEC38 /* AppDelegate.m */ = {isa = PBXFileReference; fileEncoding = 4; lastKnownFileType = sourcecode.c.objc; path = AppDelegate.m; sourceTree = "<group>"; };
		317632191EAE20C400E9D711 /* STHomePageController.h */ = {isa = PBXFileReference; fileEncoding = 4; lastKnownFileType = sourcecode.c.h; path = STHomePageController.h; sourceTree = "<group>"; };
		3176321A1EAE20C400E9D711 /* STHomePageController.m */ = {isa = PBXFileReference; fileEncoding = 4; lastKnownFileType = sourcecode.c.objc; path = STHomePageController.m; sourceTree = "<group>"; };
		317632201EAE20E100E9D711 /* STMeController.h */ = {isa = PBXFileReference; fileEncoding = 4; lastKnownFileType = sourcecode.c.h; path = STMeController.h; sourceTree = "<group>"; };
		317632211EAE20E100E9D711 /* STMeController.m */ = {isa = PBXFileReference; fileEncoding = 4; lastKnownFileType = sourcecode.c.objc; path = STMeController.m; sourceTree = "<group>"; };
		317632261EAE211A00E9D711 /* STTabBarController.h */ = {isa = PBXFileReference; fileEncoding = 4; lastKnownFileType = sourcecode.c.h; path = STTabBarController.h; sourceTree = "<group>"; };
		317632271EAE211A00E9D711 /* STTabBarController.m */ = {isa = PBXFileReference; fileEncoding = 4; lastKnownFileType = sourcecode.c.objc; path = STTabBarController.m; sourceTree = "<group>"; };
		317632281EAE211A00E9D711 /* PrefixHeader.pch */ = {isa = PBXFileReference; fileEncoding = 4; lastKnownFileType = sourcecode.c.h; path = PrefixHeader.pch; sourceTree = "<group>"; };
		3176322A1EAE211A00E9D711 /* STTabBar.h */ = {isa = PBXFileReference; fileEncoding = 4; lastKnownFileType = sourcecode.c.h; path = STTabBar.h; sourceTree = "<group>"; };
		3176322B1EAE211A00E9D711 /* STTabBar.m */ = {isa = PBXFileReference; fileEncoding = 4; lastKnownFileType = sourcecode.c.objc; path = STTabBar.m; sourceTree = "<group>"; };
		317632411EAE220200E9D711 /* UIBarButtonItem+STExtension.h */ = {isa = PBXFileReference; fileEncoding = 4; lastKnownFileType = sourcecode.c.h; path = "UIBarButtonItem+STExtension.h"; sourceTree = "<group>"; };
		317632421EAE220200E9D711 /* UIBarButtonItem+STExtension.m */ = {isa = PBXFileReference; fileEncoding = 4; lastKnownFileType = sourcecode.c.objc; path = "UIBarButtonItem+STExtension.m"; sourceTree = "<group>"; };
		317632431EAE220200E9D711 /* UIView+STExtension.h */ = {isa = PBXFileReference; fileEncoding = 4; lastKnownFileType = sourcecode.c.h; path = "UIView+STExtension.h"; sourceTree = "<group>"; };
		317632441EAE220200E9D711 /* UIView+STExtension.m */ = {isa = PBXFileReference; fileEncoding = 4; lastKnownFileType = sourcecode.c.objc; path = "UIView+STExtension.m"; sourceTree = "<group>"; };
		317632581EAE236700E9D711 /* STShowController.h */ = {isa = PBXFileReference; fileEncoding = 4; lastKnownFileType = sourcecode.c.h; path = STShowController.h; sourceTree = "<group>"; };
		317632591EAE236700E9D711 /* STShowController.m */ = {isa = PBXFileReference; fileEncoding = 4; lastKnownFileType = sourcecode.c.objc; path = STShowController.m; sourceTree = "<group>"; };
		3176325D1EAE264900E9D711 /* STNaVigationController.h */ = {isa = PBXFileReference; fileEncoding = 4; lastKnownFileType = sourcecode.c.h; path = STNaVigationController.h; sourceTree = "<group>"; };
		3176325E1EAE264900E9D711 /* STNaVigationController.m */ = {isa = PBXFileReference; fileEncoding = 4; lastKnownFileType = sourcecode.c.objc; path = STNaVigationController.m; sourceTree = "<group>"; };
		317632601EAE2F0F00E9D711 /* STHotViewController.h */ = {isa = PBXFileReference; fileEncoding = 4; lastKnownFileType = sourcecode.c.h; path = STHotViewController.h; sourceTree = "<group>"; };
		317632611EAE2F0F00E9D711 /* STHotViewController.m */ = {isa = PBXFileReference; fileEncoding = 4; lastKnownFileType = sourcecode.c.objc; path = STHotViewController.m; sourceTree = "<group>"; };
		317632631EAE2F8600E9D711 /* STNearViewController.h */ = {isa = PBXFileReference; fileEncoding = 4; lastKnownFileType = sourcecode.c.h; path = STNearViewController.h; sourceTree = "<group>"; };
		317632641EAE2F8600E9D711 /* STNearViewController.m */ = {isa = PBXFileReference; fileEncoding = 4; lastKnownFileType = sourcecode.c.objc; path = STNearViewController.m; sourceTree = "<group>"; };
		317632661EAE2FBF00E9D711 /* STFriendTrendViewController.h */ = {isa = PBXFileReference; fileEncoding = 4; lastKnownFileType = sourcecode.c.h; path = STFriendTrendViewController.h; sourceTree = "<group>"; };
		317632671EAE2FBF00E9D711 /* STFriendTrendViewController.m */ = {isa = PBXFileReference; fileEncoding = 4; lastKnownFileType = sourcecode.c.objc; path = STFriendTrendViewController.m; sourceTree = "<group>"; };
		3176326A1EAE407D00E9D711 /* APIConfig.h */ = {isa = PBXFileReference; fileEncoding = 4; lastKnownFileType = sourcecode.c.h; path = APIConfig.h; sourceTree = "<group>"; };
		3176326B1EAE407D00E9D711 /* HttpTool.h */ = {isa = PBXFileReference; fileEncoding = 4; lastKnownFileType = sourcecode.c.h; path = HttpTool.h; sourceTree = "<group>"; };
		3176326C1EAE407D00E9D711 /* HttpTool.m */ = {isa = PBXFileReference; fileEncoding = 4; lastKnownFileType = sourcecode.c.objc; path = HttpTool.m; sourceTree = "<group>"; };
		3176326D1EAE407D00E9D711 /* UIImageView+SDWebImage.h */ = {isa = PBXFileReference; fileEncoding = 4; lastKnownFileType = sourcecode.c.h; path = "UIImageView+SDWebImage.h"; sourceTree = "<group>"; };
		3176326E1EAE407D00E9D711 /* UIImageView+SDWebImage.m */ = {isa = PBXFileReference; fileEncoding = 4; lastKnownFileType = sourcecode.c.objc; path = "UIImageView+SDWebImage.m"; sourceTree = "<group>"; };
		318D15211EAF0A1900E2E4F2 /* Foundation+Log.m */ = {isa = PBXFileReference; fileEncoding = 4; lastKnownFileType = sourcecode.c.objc; path = "Foundation+Log.m"; sourceTree = "<group>"; };
		318D15231EAF0B8C00E2E4F2 /* STHot.h */ = {isa = PBXFileReference; fileEncoding = 4; lastKnownFileType = sourcecode.c.h; path = STHot.h; sourceTree = "<group>"; };
		318D15241EAF0B8C00E2E4F2 /* STHot.m */ = {isa = PBXFileReference; fileEncoding = 4; lastKnownFileType = sourcecode.c.objc; path = STHot.m; sourceTree = "<group>"; };
		318D15261EAF0E8B00E2E4F2 /* STHotCell.h */ = {isa = PBXFileReference; fileEncoding = 4; lastKnownFileType = sourcecode.c.h; path = STHotCell.h; sourceTree = "<group>"; };
		318D15271EAF0E8B00E2E4F2 /* STHotCell.m */ = {isa = PBXFileReference; fileEncoding = 4; lastKnownFileType = sourcecode.c.objc; path = STHotCell.m; sourceTree = "<group>"; };
		318D15281EAF0E8B00E2E4F2 /* STHotCell.xib */ = {isa = PBXFileReference; fileEncoding = 4; lastKnownFileType = file.xib; path = STHotCell.xib; sourceTree = "<group>"; };
		318D152B1EAF123400E2E4F2 /* STGreator.h */ = {isa = PBXFileReference; fileEncoding = 4; lastKnownFileType = sourcecode.c.h; path = STGreator.h; sourceTree = "<group>"; };
		318D152C1EAF123400E2E4F2 /* STGreator.m */ = {isa = PBXFileReference; fileEncoding = 4; lastKnownFileType = sourcecode.c.objc; path = STGreator.m; sourceTree = "<group>"; };
		318D152E1EAF7D9700E2E4F2 /* IJKMediaFramework.framework */ = {isa = PBXFileReference; lastKnownFileType = wrapper.framework; path = IJKMediaFramework.framework; sourceTree = "<group>"; };
		318D15301EAF7E7800E2E4F2 /* AudioToolbox.framework */ = {isa = PBXFileReference; lastKnownFileType = wrapper.framework; name = AudioToolbox.framework; path = System/Library/Frameworks/AudioToolbox.framework; sourceTree = SDKROOT; };
		318D15321EAF7E8600E2E4F2 /* AVFoundation.framework */ = {isa = PBXFileReference; lastKnownFileType = wrapper.framework; name = AVFoundation.framework; path = System/Library/Frameworks/AVFoundation.framework; sourceTree = SDKROOT; };
		318D15341EAF7E9000E2E4F2 /* CoreGraphics.framework */ = {isa = PBXFileReference; lastKnownFileType = wrapper.framework; name = CoreGraphics.framework; path = System/Library/Frameworks/CoreGraphics.framework; sourceTree = SDKROOT; };
		318D15361EAF7E9900E2E4F2 /* CoreMedia.framework */ = {isa = PBXFileReference; lastKnownFileType = wrapper.framework; name = CoreMedia.framework; path = System/Library/Frameworks/CoreMedia.framework; sourceTree = SDKROOT; };
		318D15381EAF7EA700E2E4F2 /* CoreVideo.framework */ = {isa = PBXFileReference; lastKnownFileType = wrapper.framework; name = CoreVideo.framework; path = System/Library/Frameworks/CoreVideo.framework; sourceTree = SDKROOT; };
		318D153A1EAF7EBE00E2E4F2 /* libbz2.tbd */ = {isa = PBXFileReference; lastKnownFileType = "sourcecode.text-based-dylib-definition"; name = libbz2.tbd; path = usr/lib/libbz2.tbd; sourceTree = SDKROOT; };
		318D153C1EAF7EC700E2E4F2 /* libz.tbd */ = {isa = PBXFileReference; lastKnownFileType = "sourcecode.text-based-dylib-definition"; name = libz.tbd; path = usr/lib/libz.tbd; sourceTree = SDKROOT; };
		318D153E1EAF7EDC00E2E4F2 /* MediaPlayer.framework */ = {isa = PBXFileReference; lastKnownFileType = wrapper.framework; name = MediaPlayer.framework; path = System/Library/Frameworks/MediaPlayer.framework; sourceTree = SDKROOT; };
		318D15401EAF7EEA00E2E4F2 /* MobileCoreServices.framework */ = {isa = PBXFileReference; lastKnownFileType = wrapper.framework; name = MobileCoreServices.framework; path = System/Library/Frameworks/MobileCoreServices.framework; sourceTree = SDKROOT; };
		318D15421EAF7EF500E2E4F2 /* OpenGLES.framework */ = {isa = PBXFileReference; lastKnownFileType = wrapper.framework; name = OpenGLES.framework; path = System/Library/Frameworks/OpenGLES.framework; sourceTree = SDKROOT; };
		318D15441EAF7F0000E2E4F2 /* QuartzCore.framework */ = {isa = PBXFileReference; lastKnownFileType = wrapper.framework; name = QuartzCore.framework; path = System/Library/Frameworks/QuartzCore.framework; sourceTree = SDKROOT; };
		318D15461EAF7F0C00E2E4F2 /* VideoToolbox.framework */ = {isa = PBXFileReference; lastKnownFileType = wrapper.framework; name = VideoToolbox.framework; path = System/Library/Frameworks/VideoToolbox.framework; sourceTree = SDKROOT; };
		318D15481EAF827C00E2E4F2 /* STHotPlayController.h */ = {isa = PBXFileReference; fileEncoding = 4; lastKnownFileType = sourcecode.c.h; path = STHotPlayController.h; sourceTree = "<group>"; };
		318D15491EAF827C00E2E4F2 /* STHotPlayController.m */ = {isa = PBXFileReference; fileEncoding = 4; lastKnownFileType = sourcecode.c.objc; path = STHotPlayController.m; sourceTree = "<group>"; };
		318D154B1EB0C57F00E2E4F2 /* STLiveChatViewController.h */ = {isa = PBXFileReference; fileEncoding = 4; lastKnownFileType = sourcecode.c.h; path = STLiveChatViewController.h; sourceTree = "<group>"; };
		318D154C1EB0C57F00E2E4F2 /* STLiveChatViewController.m */ = {isa = PBXFileReference; fileEncoding = 4; lastKnownFileType = sourcecode.c.objc; path = STLiveChatViewController.m; sourceTree = "<group>"; };
		318D154D1EB0C57F00E2E4F2 /* STLiveChatViewController.xib */ = {isa = PBXFileReference; fileEncoding = 4; lastKnownFileType = file.xib; path = STLiveChatViewController.xib; sourceTree = "<group>"; };
		318D15511EB178D700E2E4F2 /* STLocationManager.h */ = {isa = PBXFileReference; fileEncoding = 4; lastKnownFileType = sourcecode.c.h; path = STLocationManager.h; sourceTree = "<group>"; };
		318D15521EB178D700E2E4F2 /* STLocationManager.m */ = {isa = PBXFileReference; fileEncoding = 4; lastKnownFileType = sourcecode.c.objc; path = STLocationManager.m; sourceTree = "<group>"; };
		318D15541EB1797300E2E4F2 /* CoreLocation.framework */ = {isa = PBXFileReference; lastKnownFileType = wrapper.framework; name = CoreLocation.framework; path = System/Library/Frameworks/CoreLocation.framework; sourceTree = SDKROOT; };
		318D15591EB1B1F700E2E4F2 /* STInfo.h */ = {isa = PBXFileReference; fileEncoding = 4; lastKnownFileType = sourcecode.c.h; path = STInfo.h; sourceTree = "<group>"; };
		318D155A1EB1B1F700E2E4F2 /* STInfo.m */ = {isa = PBXFileReference; fileEncoding = 4; lastKnownFileType = sourcecode.c.objc; path = STInfo.m; sourceTree = "<group>"; };
		318D155C1EB1B83C00E2E4F2 /* STNearCollectionViewCell.h */ = {isa = PBXFileReference; fileEncoding = 4; lastKnownFileType = sourcecode.c.h; path = STNearCollectionViewCell.h; sourceTree = "<group>"; };
		318D155D1EB1B83C00E2E4F2 /* STNearCollectionViewCell.m */ = {isa = PBXFileReference; fileEncoding = 4; lastKnownFileType = sourcecode.c.objc; path = STNearCollectionViewCell.m; sourceTree = "<group>"; };
		318D155E1EB1B83C00E2E4F2 /* STNearCollectionViewCell.xib */ = {isa = PBXFileReference; fileEncoding = 4; lastKnownFileType = file.xib; path = STNearCollectionViewCell.xib; sourceTree = "<group>"; };
		318D15611EB1BC2F00E2E4F2 /* STNearViewController.xib */ = {isa = PBXFileReference; fileEncoding = 4; lastKnownFileType = file.xib; path = STNearViewController.xib; sourceTree = "<group>"; };
		318D15631EB23C2800E2E4F2 /* STlocationTextController.h */ = {isa = PBXFileReference; fileEncoding = 4; lastKnownFileType = sourcecode.c.h; path = STlocationTextController.h; sourceTree = "<group>"; };
		318D15641EB23C2800E2E4F2 /* STlocationTextController.m */ = {isa = PBXFileReference; fileEncoding = 4; lastKnownFileType = sourcecode.c.objc; path = STlocationTextController.m; sourceTree = "<group>"; };
		31D04B691EB43197006D1FAE /* STAdvertice.h */ = {isa = PBXFileReference; fileEncoding = 4; lastKnownFileType = sourcecode.c.h; path = STAdvertice.h; sourceTree = "<group>"; };
		31D04B6A1EB43197006D1FAE /* STAdvertice.m */ = {isa = PBXFileReference; fileEncoding = 4; lastKnownFileType = sourcecode.c.objc; path = STAdvertice.m; sourceTree = "<group>"; };
		31D04B6C1EB433D5006D1FAE /* STAdvertiseView.h */ = {isa = PBXFileReference; fileEncoding = 4; lastKnownFileType = sourcecode.c.h; path = STAdvertiseView.h; sourceTree = "<group>"; };
		31D04B6D1EB433D5006D1FAE /* STAdvertiseView.m */ = {isa = PBXFileReference; fileEncoding = 4; lastKnownFileType = sourcecode.c.objc; path = STAdvertiseView.m; sourceTree = "<group>"; };
		31D04B6F1EB433E0006D1FAE /* STAdvertiseView.xib */ = {isa = PBXFileReference; fileEncoding = 4; lastKnownFileType = file.xib; path = STAdvertiseView.xib; sourceTree = "<group>"; };
		31D04B721EBB1CDB006D1FAE /* STCacheHelper.h */ = {isa = PBXFileReference; fileEncoding = 4; lastKnownFileType = sourcecode.c.h; path = STCacheHelper.h; sourceTree = "<group>"; };
		31D04B731EBB1CDB006D1FAE /* STCacheHelper.m */ = {isa = PBXFileReference; fileEncoding = 4; lastKnownFileType = sourcecode.c.objc; path = STCacheHelper.m; sourceTree = "<group>"; };
		31D04B751EBB36BB006D1FAE /* STShowController.xib */ = {isa = PBXFileReference; fileEncoding = 4; lastKnownFileType = file.xib; path = STShowController.xib; sourceTree = "<group>"; };
		31D04B791EBC1573006D1FAE /* STMeCell.h */ = {isa = PBXFileReference; fileEncoding = 4; lastKnownFileType = sourcecode.c.h; path = STMeCell.h; sourceTree = "<group>"; };
		31D04B7A1EBC1573006D1FAE /* STMeCell.m */ = {isa = PBXFileReference; fileEncoding = 4; lastKnownFileType = sourcecode.c.objc; path = STMeCell.m; sourceTree = "<group>"; };
		31D04B7B1EBC1573006D1FAE /* STMeCell.xib */ = {isa = PBXFileReference; fileEncoding = 4; lastKnownFileType = file.xib; path = STMeCell.xib; sourceTree = "<group>"; };
		31D04B801EBE94F1006D1FAE /* STMeController.storyboard */ = {isa = PBXFileReference; fileEncoding = 4; lastKnownFileType = file.storyboard; path = STMeController.storyboard; sourceTree = "<group>"; };
		31DE2AC11EAD929A009441F1 /* zhibo.app */ = {isa = PBXFileReference; explicitFileType = wrapper.application; includeInIndex = 0; path = zhibo.app; sourceTree = BUILT_PRODUCTS_DIR; };
		31DE2AC51EAD929A009441F1 /* main.m */ = {isa = PBXFileReference; lastKnownFileType = sourcecode.c.objc; path = main.m; sourceTree = "<group>"; };
		31DE2ACE1EAD929A009441F1 /* Base */ = {isa = PBXFileReference; lastKnownFileType = file.storyboard; name = Base; path = Base.lproj/Main.storyboard; sourceTree = "<group>"; };
		31DE2AD01EAD929A009441F1 /* Assets.xcassets */ = {isa = PBXFileReference; lastKnownFileType = folder.assetcatalog; path = Assets.xcassets; sourceTree = "<group>"; };
		31DE2AD31EAD929A009441F1 /* Base */ = {isa = PBXFileReference; lastKnownFileType = file.storyboard; name = Base; path = Base.lproj/LaunchScreen.storyboard; sourceTree = "<group>"; };
		31DE2AD51EAD929A009441F1 /* Info.plist */ = {isa = PBXFileReference; lastKnownFileType = text.plist.xml; path = Info.plist; sourceTree = "<group>"; };
		5D143A2E3CE0D77D58CCE0BB /* libPods-zhibo.a */ = {isa = PBXFileReference; explicitFileType = archive.ar; includeInIndex = 0; path = "libPods-zhibo.a"; sourceTree = BUILT_PRODUCTS_DIR; };
		C488E40E1ACCB11C06B36509 /* Pods-zhibo.debug.xcconfig */ = {isa = PBXFileReference; includeInIndex = 1; lastKnownFileType = text.xcconfig; name = "Pods-zhibo.debug.xcconfig"; path = "Pods/Target Support Files/Pods-zhibo/Pods-zhibo.debug.xcconfig"; sourceTree = "<group>"; };
/* End PBXFileReference section */

/* Begin PBXFrameworksBuildPhase section */
		31DE2ABE1EAD929A009441F1 /* Frameworks */ = {
			isa = PBXFrameworksBuildPhase;
			buildActionMask = 2147483647;
			files = (
				318D15551EB1797300E2E4F2 /* CoreLocation.framework in Frameworks */,
				318D15471EAF7F0C00E2E4F2 /* VideoToolbox.framework in Frameworks */,
				318D15451EAF7F0000E2E4F2 /* QuartzCore.framework in Frameworks */,
				318D15431EAF7EF500E2E4F2 /* OpenGLES.framework in Frameworks */,
				318D15411EAF7EEA00E2E4F2 /* MobileCoreServices.framework in Frameworks */,
				318D153F1EAF7EDC00E2E4F2 /* MediaPlayer.framework in Frameworks */,
				318D153D1EAF7EC700E2E4F2 /* libz.tbd in Frameworks */,
				318D153B1EAF7EBE00E2E4F2 /* libbz2.tbd in Frameworks */,
				318D15391EAF7EA700E2E4F2 /* CoreVideo.framework in Frameworks */,
				318D15371EAF7E9900E2E4F2 /* CoreMedia.framework in Frameworks */,
				318D15351EAF7E9000E2E4F2 /* CoreGraphics.framework in Frameworks */,
				318D15331EAF7E8600E2E4F2 /* AVFoundation.framework in Frameworks */,
				318D15311EAF7E7800E2E4F2 /* AudioToolbox.framework in Frameworks */,
				61B32C3A653E8A06EBCB0C1C /* libPods-zhibo.a in Frameworks */,
				318D152F1EAF7D9700E2E4F2 /* IJKMediaFramework.framework in Frameworks */,
			);
			runOnlyForDeploymentPostprocessing = 0;
		};
/* End PBXFrameworksBuildPhase section */

/* Begin PBXGroup section */
		316861441EADEE4100CCEC38 /* Class */ = {
			isa = PBXGroup;
			children = (
				317632171EAE20C400E9D711 /* HomePage */,
				3176324E1EAE232400E9D711 /* FriendTrend */,
				317632531EAE233800E9D711 /* Hot */,
				3176324A1EAE231200E9D711 /* Near */,
				317632521EAE232400E9D711 /* Show */,
				3176321E1EAE20E100E9D711 /* Me */,
				317632691EAE407D00E9D711 /* NetWork */,
				316861581EADF53400CCEC38 /* Other */,
			);
			path = Class;
			sourceTree = "<group>";
		};
		316861581EADF53400CCEC38 /* Other */ = {
			isa = PBXGroup;
			children = (
				31D04B711EBB1CC1006D1FAE /* Tools */,
				317632401EAE220200E9D711 /* Category */,
				317632251EAE211A00E9D711 /* Controller */,
				317632291EAE211A00E9D711 /* View */,
				316861591EADF53400CCEC38 /* AppDelegate.h */,
				3168615A1EADF53400CCEC38 /* AppDelegate.m */,
				318D15211EAF0A1900E2E4F2 /* Foundation+Log.m */,
				317632281EAE211A00E9D711 /* PrefixHeader.pch */,
			);
			path = Other;
			sourceTree = "<group>";
		};
		316D44F199FF32E7B5FDA8DC /* Frameworks */ = {
			isa = PBXGroup;
			children = (
				318D15541EB1797300E2E4F2 /* CoreLocation.framework */,
				318D15461EAF7F0C00E2E4F2 /* VideoToolbox.framework */,
				318D15441EAF7F0000E2E4F2 /* QuartzCore.framework */,
				318D15421EAF7EF500E2E4F2 /* OpenGLES.framework */,
				318D15401EAF7EEA00E2E4F2 /* MobileCoreServices.framework */,
				318D153E1EAF7EDC00E2E4F2 /* MediaPlayer.framework */,
				318D153C1EAF7EC700E2E4F2 /* libz.tbd */,
				318D153A1EAF7EBE00E2E4F2 /* libbz2.tbd */,
				318D15381EAF7EA700E2E4F2 /* CoreVideo.framework */,
				318D15361EAF7E9900E2E4F2 /* CoreMedia.framework */,
				318D15341EAF7E9000E2E4F2 /* CoreGraphics.framework */,
				318D15321EAF7E8600E2E4F2 /* AVFoundation.framework */,
				318D15301EAF7E7800E2E4F2 /* AudioToolbox.framework */,
				318D152E1EAF7D9700E2E4F2 /* IJKMediaFramework.framework */,
				5D143A2E3CE0D77D58CCE0BB /* libPods-zhibo.a */,
			);
			name = Frameworks;
			sourceTree = "<group>";
		};
		317632171EAE20C400E9D711 /* HomePage */ = {
			isa = PBXGroup;
			children = (
				317632181EAE20C400E9D711 /* Controller */,
				3176321B1EAE20C400E9D711 /* Model */,
				3176321C1EAE20C400E9D711 /* View */,
			);
			path = HomePage;
			sourceTree = "<group>";
		};
		317632181EAE20C400E9D711 /* Controller */ = {
			isa = PBXGroup;
			children = (
				317632191EAE20C400E9D711 /* STHomePageController.h */,
				3176321A1EAE20C400E9D711 /* STHomePageController.m */,
			);
			path = Controller;
			sourceTree = "<group>";
		};
		3176321B1EAE20C400E9D711 /* Model */ = {
			isa = PBXGroup;
			children = (
			);
			path = Model;
			sourceTree = "<group>";
		};
		3176321C1EAE20C400E9D711 /* View */ = {
			isa = PBXGroup;
			children = (
			);
			path = View;
			sourceTree = "<group>";
		};
		3176321E1EAE20E100E9D711 /* Me */ = {
			isa = PBXGroup;
			children = (
				3176321F1EAE20E100E9D711 /* Controller */,
				317632221EAE20E100E9D711 /* Model */,
				317632231EAE20E100E9D711 /* View */,
			);
			path = Me;
			sourceTree = "<group>";
		};
		3176321F1EAE20E100E9D711 /* Controller */ = {
			isa = PBXGroup;
			children = (
				317632201EAE20E100E9D711 /* STMeController.h */,
				317632211EAE20E100E9D711 /* STMeController.m */,
				31D04B801EBE94F1006D1FAE /* STMeController.storyboard */,
			);
			path = Controller;
			sourceTree = "<group>";
		};
		317632221EAE20E100E9D711 /* Model */ = {
			isa = PBXGroup;
			children = (
			);
			path = Model;
			sourceTree = "<group>";
		};
		317632231EAE20E100E9D711 /* View */ = {
			isa = PBXGroup;
			children = (
				31D04B791EBC1573006D1FAE /* STMeCell.h */,
				31D04B7A1EBC1573006D1FAE /* STMeCell.m */,
				31D04B7B1EBC1573006D1FAE /* STMeCell.xib */,
			);
			path = View;
			sourceTree = "<group>";
		};
		317632251EAE211A00E9D711 /* Controller */ = {
			isa = PBXGroup;
			children = (
				317632261EAE211A00E9D711 /* STTabBarController.h */,
				317632271EAE211A00E9D711 /* STTabBarController.m */,
				3176325D1EAE264900E9D711 /* STNaVigationController.h */,
				3176325E1EAE264900E9D711 /* STNaVigationController.m */,
			);
			path = Controller;
			sourceTree = "<group>";
		};
		317632291EAE211A00E9D711 /* View */ = {
			isa = PBXGroup;
			children = (
				3176322A1EAE211A00E9D711 /* STTabBar.h */,
				3176322B1EAE211A00E9D711 /* STTabBar.m */,
			);
			path = View;
			sourceTree = "<group>";
		};
		317632401EAE220200E9D711 /* Category */ = {
			isa = PBXGroup;
			children = (
				317632411EAE220200E9D711 /* UIBarButtonItem+STExtension.h */,
				317632421EAE220200E9D711 /* UIBarButtonItem+STExtension.m */,
				317632431EAE220200E9D711 /* UIView+STExtension.h */,
				317632441EAE220200E9D711 /* UIView+STExtension.m */,
			);
			path = Category;
			sourceTree = "<group>";
		};
		3176324A1EAE231200E9D711 /* Near */ = {
			isa = PBXGroup;
			children = (
				3176324B1EAE231200E9D711 /* Controller */,
				318D15501EB1789A00E2E4F2 /* Tools */,
				3176324C1EAE231200E9D711 /* Model */,
				3176324D1EAE231200E9D711 /* View */,
			);
			path = Near;
			sourceTree = "<group>";
		};
		3176324B1EAE231200E9D711 /* Controller */ = {
			isa = PBXGroup;
			children = (
				317632631EAE2F8600E9D711 /* STNearViewController.h */,
				317632641EAE2F8600E9D711 /* STNearViewController.m */,
				318D15611EB1BC2F00E2E4F2 /* STNearViewController.xib */,
			);
			path = Controller;
			sourceTree = "<group>";
		};
		3176324C1EAE231200E9D711 /* Model */ = {
			isa = PBXGroup;
			children = (
				318D15591EB1B1F700E2E4F2 /* STInfo.h */,
				318D155A1EB1B1F700E2E4F2 /* STInfo.m */,
			);
			path = Model;
			sourceTree = "<group>";
		};
		3176324D1EAE231200E9D711 /* View */ = {
			isa = PBXGroup;
			children = (
			);
			path = View;
			sourceTree = "<group>";
		};
		3176324E1EAE232400E9D711 /* FriendTrend */ = {
			isa = PBXGroup;
			children = (
				3176324F1EAE232400E9D711 /* Controller */,
				317632501EAE232400E9D711 /* Model */,
				317632511EAE232400E9D711 /* View */,
			);
			path = FriendTrend;
			sourceTree = "<group>";
		};
		3176324F1EAE232400E9D711 /* Controller */ = {
			isa = PBXGroup;
			children = (
				317632661EAE2FBF00E9D711 /* STFriendTrendViewController.h */,
				317632671EAE2FBF00E9D711 /* STFriendTrendViewController.m */,
			);
			path = Controller;
			sourceTree = "<group>";
		};
		317632501EAE232400E9D711 /* Model */ = {
			isa = PBXGroup;
			children = (
			);
			path = Model;
			sourceTree = "<group>";
		};
		317632511EAE232400E9D711 /* View */ = {
			isa = PBXGroup;
			children = (
			);
			path = View;
			sourceTree = "<group>";
		};
		317632521EAE232400E9D711 /* Show */ = {
			isa = PBXGroup;
			children = (
				317632571EAE236700E9D711 /* Controller */,
				3176325A1EAE236700E9D711 /* Model */,
				3176325B1EAE236700E9D711 /* View */,
			);
			path = Show;
			sourceTree = "<group>";
		};
		317632531EAE233800E9D711 /* Hot */ = {
			isa = PBXGroup;
			children = (
				317632541EAE233800E9D711 /* Controller */,
				317632551EAE233800E9D711 /* Model */,
				317632561EAE233800E9D711 /* View */,
			);
			path = Hot;
			sourceTree = "<group>";
		};
		317632541EAE233800E9D711 /* Controller */ = {
			isa = PBXGroup;
			children = (
				317632601EAE2F0F00E9D711 /* STHotViewController.h */,
				317632611EAE2F0F00E9D711 /* STHotViewController.m */,
				318D15481EAF827C00E2E4F2 /* STHotPlayController.h */,
				318D15491EAF827C00E2E4F2 /* STHotPlayController.m */,
				318D154B1EB0C57F00E2E4F2 /* STLiveChatViewController.h */,
				318D154C1EB0C57F00E2E4F2 /* STLiveChatViewController.m */,
				318D154D1EB0C57F00E2E4F2 /* STLiveChatViewController.xib */,
			);
			path = Controller;
			sourceTree = "<group>";
		};
		317632551EAE233800E9D711 /* Model */ = {
			isa = PBXGroup;
			children = (
				318D15231EAF0B8C00E2E4F2 /* STHot.h */,
				318D15241EAF0B8C00E2E4F2 /* STHot.m */,
				318D152B1EAF123400E2E4F2 /* STGreator.h */,
				318D152C1EAF123400E2E4F2 /* STGreator.m */,
			);
			path = Model;
			sourceTree = "<group>";
		};
		317632561EAE233800E9D711 /* View */ = {
			isa = PBXGroup;
			children = (
				318D15261EAF0E8B00E2E4F2 /* STHotCell.h */,
				318D15271EAF0E8B00E2E4F2 /* STHotCell.m */,
				318D15281EAF0E8B00E2E4F2 /* STHotCell.xib */,
				318D155C1EB1B83C00E2E4F2 /* STNearCollectionViewCell.h */,
				318D155D1EB1B83C00E2E4F2 /* STNearCollectionViewCell.m */,
				318D155E1EB1B83C00E2E4F2 /* STNearCollectionViewCell.xib */,
			);
			path = View;
			sourceTree = "<group>";
		};
		317632571EAE236700E9D711 /* Controller */ = {
			isa = PBXGroup;
			children = (
				317632581EAE236700E9D711 /* STShowController.h */,
				317632591EAE236700E9D711 /* STShowController.m */,
				31D04B751EBB36BB006D1FAE /* STShowController.xib */,
			);
			path = Controller;
			sourceTree = "<group>";
		};
		3176325A1EAE236700E9D711 /* Model */ = {
			isa = PBXGroup;
			children = (
				31D04B691EB43197006D1FAE /* STAdvertice.h */,
				31D04B6A1EB43197006D1FAE /* STAdvertice.m */,
			);
			path = Model;
			sourceTree = "<group>";
		};
		3176325B1EAE236700E9D711 /* View */ = {
			isa = PBXGroup;
			children = (
				31D04B6C1EB433D5006D1FAE /* STAdvertiseView.h */,
				31D04B6D1EB433D5006D1FAE /* STAdvertiseView.m */,
				31D04B6F1EB433E0006D1FAE /* STAdvertiseView.xib */,
			);
			path = View;
			sourceTree = "<group>";
		};
		317632691EAE407D00E9D711 /* NetWork */ = {
			isa = PBXGroup;
			children = (
				3176326A1EAE407D00E9D711 /* APIConfig.h */,
				3176326B1EAE407D00E9D711 /* HttpTool.h */,
				3176326C1EAE407D00E9D711 /* HttpTool.m */,
				3176326D1EAE407D00E9D711 /* UIImageView+SDWebImage.h */,
				3176326E1EAE407D00E9D711 /* UIImageView+SDWebImage.m */,
			);
			path = NetWork;
			sourceTree = "<group>";
		};
		318D15501EB1789A00E2E4F2 /* Tools */ = {
			isa = PBXGroup;
			children = (
				318D15511EB178D700E2E4F2 /* STLocationManager.h */,
				318D15521EB178D700E2E4F2 /* STLocationManager.m */,
				318D15631EB23C2800E2E4F2 /* STlocationTextController.h */,
				318D15641EB23C2800E2E4F2 /* STlocationTextController.m */,
			);
			path = Tools;
			sourceTree = "<group>";
		};
		31D04B711EBB1CC1006D1FAE /* Tools */ = {
			isa = PBXGroup;
			children = (
				31D04B721EBB1CDB006D1FAE /* STCacheHelper.h */,
				31D04B731EBB1CDB006D1FAE /* STCacheHelper.m */,
			);
			path = Tools;
			sourceTree = "<group>";
		};
		31DE2AB81EAD929A009441F1 = {
			isa = PBXGroup;
			children = (
				31DE2AC31EAD929A009441F1 /* zhibo */,
				31DE2AC21EAD929A009441F1 /* Products */,
				6B41DAB7AD46C23D9F8CE753 /* Pods */,
				316D44F199FF32E7B5FDA8DC /* Frameworks */,
			);
			sourceTree = "<group>";
		};
		31DE2AC21EAD929A009441F1 /* Products */ = {
			isa = PBXGroup;
			children = (
				31DE2AC11EAD929A009441F1 /* zhibo.app */,
			);
			name = Products;
			sourceTree = "<group>";
		};
		31DE2AC31EAD929A009441F1 /* zhibo */ = {
			isa = PBXGroup;
			children = (
				316861441EADEE4100CCEC38 /* Class */,
				31DE2ACD1EAD929A009441F1 /* Main.storyboard */,
				31DE2AD01EAD929A009441F1 /* Assets.xcassets */,
				31DE2AD21EAD929A009441F1 /* LaunchScreen.storyboard */,
				31DE2AD51EAD929A009441F1 /* Info.plist */,
				31DE2AC41EAD929A009441F1 /* Supporting Files */,
			);
			path = zhibo;
			sourceTree = "<group>";
		};
		31DE2AC41EAD929A009441F1 /* Supporting Files */ = {
			isa = PBXGroup;
			children = (
				31DE2AC51EAD929A009441F1 /* main.m */,
			);
			name = "Supporting Files";
			sourceTree = "<group>";
		};
		6B41DAB7AD46C23D9F8CE753 /* Pods */ = {
			isa = PBXGroup;
			children = (
				C488E40E1ACCB11C06B36509 /* Pods-zhibo.debug.xcconfig */,
				08D6D9BC4EB5E5002B785B3A /* Pods-zhibo.release.xcconfig */,
			);
			name = Pods;
			sourceTree = "<group>";
		};
/* End PBXGroup section */

/* Begin PBXNativeTarget section */
		31DE2AC01EAD929A009441F1 /* zhibo */ = {
			isa = PBXNativeTarget;
			buildConfigurationList = 31DE2AD81EAD929A009441F1 /* Build configuration list for PBXNativeTarget "zhibo" */;
			buildPhases = (
				83DAE8469C87539065D4FCD8 /* [CP] Check Pods Manifest.lock */,
				31DE2ABD1EAD929A009441F1 /* Sources */,
				31DE2ABE1EAD929A009441F1 /* Frameworks */,
				31DE2ABF1EAD929A009441F1 /* Resources */,
				5A38CCA54A148A106B252824 /* [CP] Embed Pods Frameworks */,
				2503EFA215B7471EAD767B38 /* [CP] Copy Pods Resources */,
			);
			buildRules = (
			);
			dependencies = (
			);
			name = zhibo;
			productName = zhibo;
			productReference = 31DE2AC11EAD929A009441F1 /* zhibo.app */;
			productType = "com.apple.product-type.application";
		};
/* End PBXNativeTarget section */

/* Begin PBXProject section */
		31DE2AB91EAD929A009441F1 /* Project object */ = {
			isa = PBXProject;
			attributes = {
				CLASSPREFIX = ST;
				LastUpgradeCheck = 0820;
				ORGANIZATIONNAME = "孙涛";
				TargetAttributes = {
					31DE2AC01EAD929A009441F1 = {
						CreatedOnToolsVersion = 8.2.1;
						DevelopmentTeam = 3V39Q7F96X;
						ProvisioningStyle = Automatic;
					};
				};
			};
			buildConfigurationList = 31DE2ABC1EAD929A009441F1 /* Build configuration list for PBXProject "zhibo" */;
			compatibilityVersion = "Xcode 3.2";
			developmentRegion = English;
			hasScannedForEncodings = 0;
			knownRegions = (
				en,
				Base,
			);
			mainGroup = 31DE2AB81EAD929A009441F1;
			productRefGroup = 31DE2AC21EAD929A009441F1 /* Products */;
			projectDirPath = "";
			projectRoot = "";
			targets = (
				31DE2AC01EAD929A009441F1 /* zhibo */,
			);
		};
/* End PBXProject section */

/* Begin PBXResourcesBuildPhase section */
		31DE2ABF1EAD929A009441F1 /* Resources */ = {
			isa = PBXResourcesBuildPhase;
			buildActionMask = 2147483647;
			files = (
				318D152A1EAF0E8B00E2E4F2 /* STHotCell.xib in Resources */,
				31D04B761EBB36BB006D1FAE /* STShowController.xib in Resources */,
				31DE2AD41EAD929A009441F1 /* LaunchScreen.storyboard in Resources */,
				318D15621EB1BC2F00E2E4F2 /* STNearViewController.xib in Resources */,
				31DE2AD11EAD929A009441F1 /* Assets.xcassets in Resources */,
				318D15601EB1B83C00E2E4F2 /* STNearCollectionViewCell.xib in Resources */,
				31D04B701EB433E0006D1FAE /* STAdvertiseView.xib in Resources */,
				31D04B7D1EBC1573006D1FAE /* STMeCell.xib in Resources */,
				31DE2ACF1EAD929A009441F1 /* Main.storyboard in Resources */,
				31D04B811EBE94F1006D1FAE /* STMeController.storyboard in Resources */,
				318D154F1EB0C57F00E2E4F2 /* STLiveChatViewController.xib in Resources */,
			);
			runOnlyForDeploymentPostprocessing = 0;
		};
/* End PBXResourcesBuildPhase section */

/* Begin PBXShellScriptBuildPhase section */
		2503EFA215B7471EAD767B38 /* [CP] Copy Pods Resources */ = {
			isa = PBXShellScriptBuildPhase;
			buildActionMask = 2147483647;
			files = (
			);
			inputPaths = (
			);
			name = "[CP] Copy Pods Resources";
			outputPaths = (
			);
			runOnlyForDeploymentPostprocessing = 0;
			shellPath = /bin/sh;
			shellScript = "\"${SRCROOT}/Pods/Target Support Files/Pods-zhibo/Pods-zhibo-resources.sh\"\n";
			showEnvVarsInLog = 0;
		};
		5A38CCA54A148A106B252824 /* [CP] Embed Pods Frameworks */ = {
			isa = PBXShellScriptBuildPhase;
			buildActionMask = 2147483647;
			files = (
			);
			inputPaths = (
			);
			name = "[CP] Embed Pods Frameworks";
			outputPaths = (
			);
			runOnlyForDeploymentPostprocessing = 0;
			shellPath = /bin/sh;
			shellScript = "\"${SRCROOT}/Pods/Target Support Files/Pods-zhibo/Pods-zhibo-frameworks.sh\"\n";
			showEnvVarsInLog = 0;
		};
		83DAE8469C87539065D4FCD8 /* [CP] Check Pods Manifest.lock */ = {
			isa = PBXShellScriptBuildPhase;
			buildActionMask = 2147483647;
			files = (
			);
			inputPaths = (
			);
			name = "[CP] Check Pods Manifest.lock";
			outputPaths = (
			);
			runOnlyForDeploymentPostprocessing = 0;
			shellPath = /bin/sh;
			shellScript = "diff \"${PODS_ROOT}/../Podfile.lock\" \"${PODS_ROOT}/Manifest.lock\" > /dev/null\nif [ $? != 0 ] ; then\n    # print error to STDERR\n    echo \"error: The sandbox is not in sync with the Podfile.lock. Run 'pod install' or update your CocoaPods installation.\" >&2\n    exit 1\nfi\n";
			showEnvVarsInLog = 0;
		};
/* End PBXShellScriptBuildPhase section */

/* Begin PBXSourcesBuildPhase section */
		31DE2ABD1EAD929A009441F1 /* Sources */ = {
			isa = PBXSourcesBuildPhase;
			buildActionMask = 2147483647;
			files = (
				317632461EAE220200E9D711 /* UIView+STExtension.m in Sources */,
				317632241EAE20E100E9D711 /* STMeController.m in Sources */,
				318D152D1EAF123400E2E4F2 /* STGreator.m in Sources */,
				3176322C1EAE211A00E9D711 /* STTabBarController.m in Sources */,
				31D04B7C1EBC1573006D1FAE /* STMeCell.m in Sources */,
				318D15251EAF0B8C00E2E4F2 /* STHot.m in Sources */,
				31D04B741EBB1CDB006D1FAE /* STCacheHelper.m in Sources */,
				318D15651EB23C2800E2E4F2 /* STlocationTextController.m in Sources */,
				31D04B6E1EB433D5006D1FAE /* STAdvertiseView.m in Sources */,
				318D15531EB178D700E2E4F2 /* STLocationManager.m in Sources */,
				318D155B1EB1B1F700E2E4F2 /* STInfo.m in Sources */,
				316861621EADF53400CCEC38 /* AppDelegate.m in Sources */,
				3176325C1EAE236700E9D711 /* STShowController.m in Sources */,
				317632701EAE407D00E9D711 /* UIImageView+SDWebImage.m in Sources */,
				317632651EAE2F8600E9D711 /* STNearViewController.m in Sources */,
				3176321D1EAE20C400E9D711 /* STHomePageController.m in Sources */,
				317632451EAE220200E9D711 /* UIBarButtonItem+STExtension.m in Sources */,
				31DE2AC61EAD929A009441F1 /* main.m in Sources */,
				3176325F1EAE264900E9D711 /* STNaVigationController.m in Sources */,
				317632621EAE2F0F00E9D711 /* STHotViewController.m in Sources */,
				317632681EAE2FBF00E9D711 /* STFriendTrendViewController.m in Sources */,
				31D04B6B1EB43197006D1FAE /* STAdvertice.m in Sources */,
				318D155F1EB1B83C00E2E4F2 /* STNearCollectionViewCell.m in Sources */,
				318D15291EAF0E8B00E2E4F2 /* STHotCell.m in Sources */,
				318D154A1EAF827C00E2E4F2 /* STHotPlayController.m in Sources */,
				3176322D1EAE211A00E9D711 /* STTabBar.m in Sources */,
				3176326F1EAE407D00E9D711 /* HttpTool.m in Sources */,
				318D154E1EB0C57F00E2E4F2 /* STLiveChatViewController.m in Sources */,
				318D15221EAF0A1900E2E4F2 /* Foundation+Log.m in Sources */,
			);
			runOnlyForDeploymentPostprocessing = 0;
		};
/* End PBXSourcesBuildPhase section */

/* Begin PBXVariantGroup section */
		31DE2ACD1EAD929A009441F1 /* Main.storyboard */ = {
			isa = PBXVariantGroup;
			children = (
				31DE2ACE1EAD929A009441F1 /* Base */,
			);
			name = Main.storyboard;
			sourceTree = "<group>";
		};
		31DE2AD21EAD929A009441F1 /* LaunchScreen.storyboard */ = {
			isa = PBXVariantGroup;
			children = (
				31DE2AD31EAD929A009441F1 /* Base */,
			);
			name = LaunchScreen.storyboard;
			sourceTree = "<group>";
		};
/* End PBXVariantGroup section */

/* Begin XCBuildConfiguration section */
		31DE2AD61EAD929A009441F1 /* Debug */ = {
			isa = XCBuildConfiguration;
			buildSettings = {
				ALWAYS_SEARCH_USER_PATHS = NO;
				CLANG_ANALYZER_NONNULL = YES;
				CLANG_CXX_LANGUAGE_STANDARD = "gnu++0x";
				CLANG_CXX_LIBRARY = "libc++";
				CLANG_ENABLE_MODULES = YES;
				CLANG_ENABLE_OBJC_ARC = YES;
				CLANG_WARN_BOOL_CONVERSION = YES;
				CLANG_WARN_CONSTANT_CONVERSION = YES;
				CLANG_WARN_DIRECT_OBJC_ISA_USAGE = YES_ERROR;
				CLANG_WARN_DOCUMENTATION_COMMENTS = YES;
				CLANG_WARN_EMPTY_BODY = YES;
				CLANG_WARN_ENUM_CONVERSION = YES;
				CLANG_WARN_INFINITE_RECURSION = YES;
				CLANG_WARN_INT_CONVERSION = YES;
				CLANG_WARN_OBJC_ROOT_CLASS = YES_ERROR;
				CLANG_WARN_SUSPICIOUS_MOVE = YES;
				CLANG_WARN_UNREACHABLE_CODE = YES;
				CLANG_WARN__DUPLICATE_METHOD_MATCH = YES;
				"CODE_SIGN_IDENTITY[sdk=iphoneos*]" = "iPhone Developer";
				COPY_PHASE_STRIP = NO;
				DEBUG_INFORMATION_FORMAT = dwarf;
				ENABLE_STRICT_OBJC_MSGSEND = YES;
				ENABLE_TESTABILITY = YES;
				GCC_C_LANGUAGE_STANDARD = gnu99;
				GCC_DYNAMIC_NO_PIC = NO;
				GCC_NO_COMMON_BLOCKS = YES;
				GCC_OPTIMIZATION_LEVEL = 0;
				GCC_PREPROCESSOR_DEFINITIONS = (
					"DEBUG=1",
					"$(inherited)",
				);
				GCC_WARN_64_TO_32_BIT_CONVERSION = YES;
				GCC_WARN_ABOUT_RETURN_TYPE = YES_ERROR;
				GCC_WARN_UNDECLARED_SELECTOR = YES;
				GCC_WARN_UNINITIALIZED_AUTOS = YES_AGGRESSIVE;
				GCC_WARN_UNUSED_FUNCTION = YES;
				GCC_WARN_UNUSED_VARIABLE = YES;
				IPHONEOS_DEPLOYMENT_TARGET = 10.2;
				MTL_ENABLE_DEBUG_INFO = YES;
				ONLY_ACTIVE_ARCH = YES;
				SDKROOT = iphoneos;
				TARGETED_DEVICE_FAMILY = "1,2";
			};
			name = Debug;
		};
		31DE2AD71EAD929A009441F1 /* Release */ = {
			isa = XCBuildConfiguration;
			buildSettings = {
				ALWAYS_SEARCH_USER_PATHS = NO;
				CLANG_ANALYZER_NONNULL = YES;
				CLANG_CXX_LANGUAGE_STANDARD = "gnu++0x";
				CLANG_CXX_LIBRARY = "libc++";
				CLANG_ENABLE_MODULES = YES;
				CLANG_ENABLE_OBJC_ARC = YES;
				CLANG_WARN_BOOL_CONVERSION = YES;
				CLANG_WARN_CONSTANT_CONVERSION = YES;
				CLANG_WARN_DIRECT_OBJC_ISA_USAGE = YES_ERROR;
				CLANG_WARN_DOCUMENTATION_COMMENTS = YES;
				CLANG_WARN_EMPTY_BODY = YES;
				CLANG_WARN_ENUM_CONVERSION = YES;
				CLANG_WARN_INFINITE_RECURSION = YES;
				CLANG_WARN_INT_CONVERSION = YES;
				CLANG_WARN_OBJC_ROOT_CLASS = YES_ERROR;
				CLANG_WARN_SUSPICIOUS_MOVE = YES;
				CLANG_WARN_UNREACHABLE_CODE = YES;
				CLANG_WARN__DUPLICATE_METHOD_MATCH = YES;
				"CODE_SIGN_IDENTITY[sdk=iphoneos*]" = "iPhone Developer";
				COPY_PHASE_STRIP = NO;
				DEBUG_INFORMATION_FORMAT = "dwarf-with-dsym";
				ENABLE_NS_ASSERTIONS = NO;
				ENABLE_STRICT_OBJC_MSGSEND = YES;
				GCC_C_LANGUAGE_STANDARD = gnu99;
				GCC_NO_COMMON_BLOCKS = YES;
				GCC_WARN_64_TO_32_BIT_CONVERSION = YES;
				GCC_WARN_ABOUT_RETURN_TYPE = YES_ERROR;
				GCC_WARN_UNDECLARED_SELECTOR = YES;
				GCC_WARN_UNINITIALIZED_AUTOS = YES_AGGRESSIVE;
				GCC_WARN_UNUSED_FUNCTION = YES;
				GCC_WARN_UNUSED_VARIABLE = YES;
				IPHONEOS_DEPLOYMENT_TARGET = 10.2;
				MTL_ENABLE_DEBUG_INFO = NO;
				SDKROOT = iphoneos;
				TARGETED_DEVICE_FAMILY = "1,2";
				VALIDATE_PRODUCT = YES;
			};
			name = Release;
		};
		31DE2AD91EAD929A009441F1 /* Debug */ = {
			isa = XCBuildConfiguration;
			baseConfigurationReference = C488E40E1ACCB11C06B36509 /* Pods-zhibo.debug.xcconfig */;
			buildSettings = {
				ASSETCATALOG_COMPILER_APPICON_NAME = AppIcon;
				ASSETCATALOG_COMPILER_LAUNCHIMAGE_NAME = LaunchImage;
				DEVELOPMENT_TEAM = 3V39Q7F96X;
				FRAMEWORK_SEARCH_PATHS = (
					"$(inherited)",
					"$(PROJECT_DIR)",
				);
				GCC_PREFIX_HEADER = zhibo/Class/Other/PrefixHeader.pch;
				INFOPLIST_FILE = zhibo/Info.plist;
				IPHONEOS_DEPLOYMENT_TARGET = 9.0;
				LD_RUNPATH_SEARCH_PATHS = "$(inherited) @executable_path/Frameworks";
				PRODUCT_BUNDLE_IDENTIFIER = "--.zhibo";
				PRODUCT_NAME = "$(TARGET_NAME)";
			};
			name = Debug;
		};
		31DE2ADA1EAD929A009441F1 /* Release */ = {
			isa = XCBuildConfiguration;
			baseConfigurationReference = 08D6D9BC4EB5E5002B785B3A /* Pods-zhibo.release.xcconfig */;
			buildSettings = {
				ASSETCATALOG_COMPILER_APPICON_NAME = AppIcon;
				ASSETCATALOG_COMPILER_LAUNCHIMAGE_NAME = LaunchImage;
				DEVELOPMENT_TEAM = 3V39Q7F96X;
				FRAMEWORK_SEARCH_PATHS = (
					"$(inherited)",
					"$(PROJECT_DIR)",
				);
				GCC_PREFIX_HEADER = zhibo/Class/Other/PrefixHeader.pch;
				INFOPLIST_FILE = zhibo/Info.plist;
				IPHONEOS_DEPLOYMENT_TARGET = 9.0;
				LD_RUNPATH_SEARCH_PATHS = "$(inherited) @executable_path/Frameworks";
				PRODUCT_BUNDLE_IDENTIFIER = "--.zhibo";
				PRODUCT_NAME = "$(TARGET_NAME)";
			};
			name = Release;
		};
/* End XCBuildConfiguration section */

/* Begin XCConfigurationList section */
		31DE2ABC1EAD929A009441F1 /* Build configuration list for PBXProject "zhibo" */ = {
			isa = XCConfigurationList;
			buildConfigurations = (
				31DE2AD61EAD929A009441F1 /* Debug */,
				31DE2AD71EAD929A009441F1 /* Release */,
			);
			defaultConfigurationIsVisible = 0;
			defaultConfigurationName = Release;
		};
		31DE2AD81EAD929A009441F1 /* Build configuration list for PBXNativeTarget "zhibo" */ = {
			isa = XCConfigurationList;
			buildConfigurations = (
				31DE2AD91EAD929A009441F1 /* Debug */,
				31DE2ADA1EAD929A009441F1 /* Release */,
			);
			defaultConfigurationIsVisible = 0;
			defaultConfigurationName = Release;
		};
/* End XCConfigurationList section */
	};
	rootObject = 31DE2AB91EAD929A009441F1 /* Project object */;
}
